// !$*UTF8*$!
{
	archiveVersion = 1;
	classes = {
	};
	objectVersion = 51;
	objects = {

/* Begin PBXBuildFile section */
		094C000027292E0C00313907 /* FeedResult.swift in Sources */ = {isa = PBXBuildFile; fileRef = 094CFFFF27292E0C00313907 /* FeedResult.swift */; };
		094C000227292EE400313907 /* ExampleJSON.swift in Sources */ = {isa = PBXBuildFile; fileRef = 094C000127292EE400313907 /* ExampleJSON.swift */; };
		094C00042729317700313907 /* FeedResultTests.swift in Sources */ = {isa = PBXBuildFile; fileRef = 094C00032729317700313907 /* FeedResultTests.swift */; };
		094C0006272936FE00313907 /* APIClientError.swift in Sources */ = {isa = PBXBuildFile; fileRef = 094C0005272936FE00313907 /* APIClientError.swift */; };
		094C000827293BDF00313907 /* TagResource.swift in Sources */ = {isa = PBXBuildFile; fileRef = 094C000727293BDF00313907 /* TagResource.swift */; };
		094C000A2729579700313907 /* TagSearchViewController.swift in Sources */ = {isa = PBXBuildFile; fileRef = 094C00092729579700313907 /* TagSearchViewController.swift */; };
		094C000C272958F400313907 /* LeftAlignedCollectionViewFlowLayout.swift in Sources */ = {isa = PBXBuildFile; fileRef = 094C000B272958F400313907 /* LeftAlignedCollectionViewFlowLayout.swift */; };
		094C0012272971D000313907 /* TagSearchHeaderReusableView.swift in Sources */ = {isa = PBXBuildFile; fileRef = 094C0011272971D000313907 /* TagSearchHeaderReusableView.swift */; };
		094C00142729720400313907 /* TagCollectionViewCell.swift in Sources */ = {isa = PBXBuildFile; fileRef = 094C00132729720400313907 /* TagCollectionViewCell.swift */; };
		094C001927297C9000313907 /* TeamListTableViewController.swift in Sources */ = {isa = PBXBuildFile; fileRef = 094C001827297C9000313907 /* TeamListTableViewController.swift */; };
		094C001B27298DCF00313907 /* DefaultTableViewCell.swift in Sources */ = {isa = PBXBuildFile; fileRef = 094C001A27298DCF00313907 /* DefaultTableViewCell.swift */; };
		094C001D2729A32C00313907 /* TeamListTableViewCell.swift in Sources */ = {isa = PBXBuildFile; fileRef = 094C001C2729A32C00313907 /* TeamListTableViewCell.swift */; };
		094C001F2729A3E300313907 /* CustomTableViewCell.swift in Sources */ = {isa = PBXBuildFile; fileRef = 094C001E2729A3E300313907 /* CustomTableViewCell.swift */; };
		094C00212729AB7B00313907 /* TeamListCollectionViewController.swift in Sources */ = {isa = PBXBuildFile; fileRef = 094C00202729AB7B00313907 /* TeamListCollectionViewController.swift */; };
		094C00232729AC1E00313907 /* DefaultCollectionViewCell.swift in Sources */ = {isa = PBXBuildFile; fileRef = 094C00222729AC1E00313907 /* DefaultCollectionViewCell.swift */; };
		094C00252729AC3000313907 /* CustomCollectionViewCell.swift in Sources */ = {isa = PBXBuildFile; fileRef = 094C00242729AC3000313907 /* CustomCollectionViewCell.swift */; };
		094C00272729AD6400313907 /* TeamListCollectionViewCell.swift in Sources */ = {isa = PBXBuildFile; fileRef = 094C00262729AD6400313907 /* TeamListCollectionViewCell.swift */; };
		095D49E2273BEFFC0067AF55 /* CustomTableViewCellViewModel.swift in Sources */ = {isa = PBXBuildFile; fileRef = 095D49E1273BEFFC0067AF55 /* CustomTableViewCellViewModel.swift */; };
		095D49E4273BF21B0067AF55 /* TeamDetailImageCellViewModel.swift in Sources */ = {isa = PBXBuildFile; fileRef = 095D49E3273BF21B0067AF55 /* TeamDetailImageCellViewModel.swift */; };
		095D49E6273BF6230067AF55 /* DetailDescriptionCellViewModel.swift in Sources */ = {isa = PBXBuildFile; fileRef = 095D49E5273BF6230067AF55 /* DetailDescriptionCellViewModel.swift */; };
		095D49E8273BF9820067AF55 /* DetailScreenshotCellViewModel.swift in Sources */ = {isa = PBXBuildFile; fileRef = 095D49E7273BF9820067AF55 /* DetailScreenshotCellViewModel.swift */; };
		095D49EA273BFCD90067AF55 /* ScreenshotCollectionViewModel.swift in Sources */ = {isa = PBXBuildFile; fileRef = 095D49E9273BFCD90067AF55 /* ScreenshotCollectionViewModel.swift */; };
		095D49EC273BFD080067AF55 /* ScreenshotSection.swift in Sources */ = {isa = PBXBuildFile; fileRef = 095D49EB273BFD080067AF55 /* ScreenshotSection.swift */; };
		095D49EE273BFE8A0067AF55 /* ScreenshotCell.swift in Sources */ = {isa = PBXBuildFile; fileRef = 095D49ED273BFE8A0067AF55 /* ScreenshotCell.swift */; };
		095D49F0273C39A50067AF55 /* String+Extension.swift in Sources */ = {isa = PBXBuildFile; fileRef = 095D49EF273C39A50067AF55 /* String+Extension.swift */; };
		095D49F3273D04EC0067AF55 /* SampleTestTableViewController.swift in Sources */ = {isa = PBXBuildFile; fileRef = 095D49F2273D04EC0067AF55 /* SampleTestTableViewController.swift */; };
		095D49F5273D202E0067AF55 /* TeamDetailInfoResource.swift in Sources */ = {isa = PBXBuildFile; fileRef = 095D49F4273D202E0067AF55 /* TeamDetailInfoResource.swift */; };
		095D49F7273D2CB40067AF55 /* FavoriteRegisterCellViewModel.swift in Sources */ = {isa = PBXBuildFile; fileRef = 095D49F6273D2CB40067AF55 /* FavoriteRegisterCellViewModel.swift */; };
		095D49FA273D3C870067AF55 /* Wireframe.swift in Sources */ = {isa = PBXBuildFile; fileRef = 095D49F9273D3C870067AF55 /* Wireframe.swift */; };
		095D49FC273D3D520067AF55 /* ReportButtonCellViewModel.swift in Sources */ = {isa = PBXBuildFile; fileRef = 095D49FB273D3D520067AF55 /* ReportButtonCellViewModel.swift */; };
		095D4A0D273F89040067AF55 /* UIAlertController+Extension.swift in Sources */ = {isa = PBXBuildFile; fileRef = 095D4A0C273F89040067AF55 /* UIAlertController+Extension.swift */; };
		095D4A3B27411C5C0067AF55 /* ActivityIndicator.swift in Sources */ = {isa = PBXBuildFile; fileRef = 095D4A3A27411C5C0067AF55 /* ActivityIndicator.swift */; };
		095DC46B272FCA7200547CE5 /* TagSearchViewModel.swift in Sources */ = {isa = PBXBuildFile; fileRef = 095DC46A272FCA7200547CE5 /* TagSearchViewModel.swift */; };
		095DC46D272FCD9700547CE5 /* TagSearchSection.swift in Sources */ = {isa = PBXBuildFile; fileRef = 095DC46C272FCD9700547CE5 /* TagSearchSection.swift */; };
		095DC471272FDD8100547CE5 /* SearchResponse.swift in Sources */ = {isa = PBXBuildFile; fileRef = 095DC470272FDD8100547CE5 /* SearchResponse.swift */; };
		095DC475272FE12F00547CE5 /* SearchResponseTests.swift in Sources */ = {isa = PBXBuildFile; fileRef = 095DC474272FE12F00547CE5 /* SearchResponseTests.swift */; };
		095DC4772730DFDF00547CE5 /* Float+Extension.swift in Sources */ = {isa = PBXBuildFile; fileRef = 095DC4762730DFDF00547CE5 /* Float+Extension.swift */; };
		095DC4792730E89100547CE5 /* App.swift in Sources */ = {isa = PBXBuildFile; fileRef = 095DC4782730E89100547CE5 /* App.swift */; };
		095DC47B2730E98B00547CE5 /* ChallengeClientError.swift in Sources */ = {isa = PBXBuildFile; fileRef = 095DC47A2730E98B00547CE5 /* ChallengeClientError.swift */; };
		095DC47D2730E9F000547CE5 /* ChallengeAPIError.swift in Sources */ = {isa = PBXBuildFile; fileRef = 095DC47C2730E9F000547CE5 /* ChallengeAPIError.swift */; };
		095DC47F2730EE4400547CE5 /* ChallengeAPIRequest.swift in Sources */ = {isa = PBXBuildFile; fileRef = 095DC47E2730EE4400547CE5 /* ChallengeAPIRequest.swift */; };
		095DC4812730EE7100547CE5 /* ChallengeRequest.swift in Sources */ = {isa = PBXBuildFile; fileRef = 095DC4802730EE7100547CE5 /* ChallengeRequest.swift */; };
		095DC4832730EF2B00547CE5 /* HTTPMethod.swift in Sources */ = {isa = PBXBuildFile; fileRef = 095DC4822730EF2B00547CE5 /* HTTPMethod.swift */; };
		095DC4852730F29000547CE5 /* MnemonicCode.swift in Sources */ = {isa = PBXBuildFile; fileRef = 095DC4842730F29000547CE5 /* MnemonicCode.swift */; };
		095DC487273102A100547CE5 /* HTTPClient.swift in Sources */ = {isa = PBXBuildFile; fileRef = 095DC486273102A100547CE5 /* HTTPClient.swift */; };
		095DC4892731074B00547CE5 /* StubHTTPClient.swift in Sources */ = {isa = PBXBuildFile; fileRef = 095DC4882731074B00547CE5 /* StubHTTPClient.swift */; };
		095DC48B273108C100547CE5 /* ChallengeClient.swift in Sources */ = {isa = PBXBuildFile; fileRef = 095DC48A273108C100547CE5 /* ChallengeClient.swift */; };
		095DC48D27310C4A00547CE5 /* ChallengeClientTests.swift in Sources */ = {isa = PBXBuildFile; fileRef = 095DC48C27310C4A00547CE5 /* ChallengeClientTests.swift */; };
		095DC4C327322CAE00547CE5 /* search_itunes.json in Resources */ = {isa = PBXBuildFile; fileRef = 095DC4C227322CAE00547CE5 /* search_itunes.json */; };
		095DC4C52732310D00547CE5 /* search_itunes2.json in Resources */ = {isa = PBXBuildFile; fileRef = 095DC4C42732310D00547CE5 /* search_itunes2.json */; };
		095DC4C82732747B00547CE5 /* MockChallengeAPI.swift in Sources */ = {isa = PBXBuildFile; fileRef = 095DC4C72732747B00547CE5 /* MockChallengeAPI.swift */; };
		095DC4CA273274AF00547CE5 /* TeamListViewModel.swift in Sources */ = {isa = PBXBuildFile; fileRef = 095DC4C9273274AF00547CE5 /* TeamListViewModel.swift */; };
		095DC4CC2732756100547CE5 /* TeamListSection.swift in Sources */ = {isa = PBXBuildFile; fileRef = 095DC4CB2732756100547CE5 /* TeamListSection.swift */; };
		095DC4CE273275B500547CE5 /* TeamListCellViewModel.swift in Sources */ = {isa = PBXBuildFile; fileRef = 095DC4CD273275B500547CE5 /* TeamListCellViewModel.swift */; };
		095DC4D02732A29200547CE5 /* search_itunes.json in Resources */ = {isa = PBXBuildFile; fileRef = 095DC4C227322CAE00547CE5 /* search_itunes.json */; };
		095DC4D12732A2E300547CE5 /* search_itunes2.json in Resources */ = {isa = PBXBuildFile; fileRef = 095DC4C42732310D00547CE5 /* search_itunes2.json */; };
		095DC4D32732CECB00547CE5 /* ChallengeAPI.swift in Sources */ = {isa = PBXBuildFile; fileRef = 095DC4D22732CECB00547CE5 /* ChallengeAPI.swift */; };
		095DC4D727343DB800547CE5 /* Reactive+RxExtension.swift in Sources */ = {isa = PBXBuildFile; fileRef = 095DC4D627343DB800547CE5 /* Reactive+RxExtension.swift */; };
		095DC4DA2734D12700547CE5 /* OfficialAppSearchSection.swift in Sources */ = {isa = PBXBuildFile; fileRef = 095DC4D92734D12700547CE5 /* OfficialAppSearchSection.swift */; };
		095DC4DC2734D21C00547CE5 /* OfficialAppSearchViewModel.swift in Sources */ = {isa = PBXBuildFile; fileRef = 095DC4DB2734D21C00547CE5 /* OfficialAppSearchViewModel.swift */; };
		095DC4DE2734E89E00547CE5 /* search_feedApp.json in Resources */ = {isa = PBXBuildFile; fileRef = 095DC4DD2734E89E00547CE5 /* search_feedApp.json */; };
		095DC4E02734E8FF00547CE5 /* MockResourceFeedAPI.swift in Sources */ = {isa = PBXBuildFile; fileRef = 095DC4DF2734E8FF00547CE5 /* MockResourceFeedAPI.swift */; };
		095DC4E2273513B400547CE5 /* TeamDetailTableViewController.swift in Sources */ = {isa = PBXBuildFile; fileRef = 095DC4E1273513B400547CE5 /* TeamDetailTableViewController.swift */; };
		095DC4E42735148900547CE5 /* TeamDetailViewModel.swift in Sources */ = {isa = PBXBuildFile; fileRef = 095DC4E32735148900547CE5 /* TeamDetailViewModel.swift */; };
		095DC4E6273514AC00547CE5 /* TeamDetailSection.swift in Sources */ = {isa = PBXBuildFile; fileRef = 095DC4E5273514AC00547CE5 /* TeamDetailSection.swift */; };
		095DC4E8273514C900547CE5 /* TeamDetailTableViewCell.swift in Sources */ = {isa = PBXBuildFile; fileRef = 095DC4E7273514C900547CE5 /* TeamDetailTableViewCell.swift */; };
		095DC4EA273514E900547CE5 /* DetailInfoCellViewModel.swift in Sources */ = {isa = PBXBuildFile; fileRef = 095DC4E9273514E900547CE5 /* DetailInfoCellViewModel.swift */; };
		095DC4EC273522C000547CE5 /* search_app.json in Resources */ = {isa = PBXBuildFile; fileRef = 095DC4EB273522C000547CE5 /* search_app.json */; };
		095DC4EE2735459800547CE5 /* TeamDetailImageCell.swift in Sources */ = {isa = PBXBuildFile; fileRef = 095DC4ED2735459800547CE5 /* TeamDetailImageCell.swift */; };
		095DC4F12735496500547CE5 /* AchievementRateCell.swift in Sources */ = {isa = PBXBuildFile; fileRef = 095DC4F02735496500547CE5 /* AchievementRateCell.swift */; };
		095DC4F327354C6400547CE5 /* DetailDescriptionCell.swift in Sources */ = {isa = PBXBuildFile; fileRef = 095DC4F227354C6400547CE5 /* DetailDescriptionCell.swift */; };
		095DC4F527354EA200547CE5 /* DetailScreenshotCell.swift in Sources */ = {isa = PBXBuildFile; fileRef = 095DC4F427354EA200547CE5 /* DetailScreenshotCell.swift */; };
		095DC4F72735500E00547CE5 /* ScreenshotCollectionViewController.swift in Sources */ = {isa = PBXBuildFile; fileRef = 095DC4F62735500E00547CE5 /* ScreenshotCollectionViewController.swift */; };
		095DC4FB2735A5A400547CE5 /* DetailInfoCell.swift in Sources */ = {isa = PBXBuildFile; fileRef = 095DC4FA2735A5A400547CE5 /* DetailInfoCell.swift */; };
		095DC4FD2735B6D900547CE5 /* FavoriteRegisterCell.swift in Sources */ = {isa = PBXBuildFile; fileRef = 095DC4FC2735B6D900547CE5 /* FavoriteRegisterCell.swift */; };
		095DC4FF2735B89800547CE5 /* ReportButtonCell.swift in Sources */ = {isa = PBXBuildFile; fileRef = 095DC4FE2735B89800547CE5 /* ReportButtonCell.swift */; };
		095DC5012735BA3700547CE5 /* BottomView.swift in Sources */ = {isa = PBXBuildFile; fileRef = 095DC5002735BA3700547CE5 /* BottomView.swift */; };
		095DC5032736397F00547CE5 /* TableViewCell.swift in Sources */ = {isa = PBXBuildFile; fileRef = 095DC5022736397F00547CE5 /* TableViewCell.swift */; };
		095DC5052736522800547CE5 /* CustomDetailCell.swift in Sources */ = {isa = PBXBuildFile; fileRef = 095DC5042736522800547CE5 /* CustomDetailCell.swift */; };
		095DC5092737B9EE00547CE5 /* AchievementRateCircleView.swift in Sources */ = {isa = PBXBuildFile; fileRef = 095DC5082737B9EE00547CE5 /* AchievementRateCircleView.swift */; };
		095DC50B2737EB3D00547CE5 /* UILabel+Extension.swift in Sources */ = {isa = PBXBuildFile; fileRef = 095DC50A2737EB3D00547CE5 /* UILabel+Extension.swift */; };
		095DC52F27390F9700547CE5 /* FloatingViewScrollDownDemo.swift in Sources */ = {isa = PBXBuildFile; fileRef = 095DC52E27390F9600547CE5 /* FloatingViewScrollDownDemo.swift */; };
		095DC5322739175E00547CE5 /* DropDownTableViewController.swift in Sources */ = {isa = PBXBuildFile; fileRef = 095DC5312739175E00547CE5 /* DropDownTableViewController.swift */; };
		095DC534273917ED00547CE5 /* DropDownTextFieldCell.swift in Sources */ = {isa = PBXBuildFile; fileRef = 095DC533273917ED00547CE5 /* DropDownTextFieldCell.swift */; };
		095DC5362739187500547CE5 /* DropDownCategoryCell.swift in Sources */ = {isa = PBXBuildFile; fileRef = 095DC5352739187500547CE5 /* DropDownCategoryCell.swift */; };
		095DC5382739193000547CE5 /* DropDownSearchSegmentedCell.swift in Sources */ = {isa = PBXBuildFile; fileRef = 095DC5372739193000547CE5 /* DropDownSearchSegmentedCell.swift */; };
		095DC53A2739196100547CE5 /* DropDownSortSegmentedCell.swift in Sources */ = {isa = PBXBuildFile; fileRef = 095DC5392739196100547CE5 /* DropDownSortSegmentedCell.swift */; };
		095DC53C273919AE00547CE5 /* DropDownSearchButtonCell.swift in Sources */ = {isa = PBXBuildFile; fileRef = 095DC53B273919AE00547CE5 /* DropDownSearchButtonCell.swift */; };
		095DC54027393C7400547CE5 /* DropDownFloatingView.swift in Sources */ = {isa = PBXBuildFile; fileRef = 095DC53F27393C7400547CE5 /* DropDownFloatingView.swift */; };
		095DC542273B81EA00547CE5 /* AchievementRateCellViewModel.swift in Sources */ = {isa = PBXBuildFile; fileRef = 095DC541273B81EA00547CE5 /* AchievementRateCellViewModel.swift */; };
		09C55599272AA7130023D51C /* Configs.swift in Sources */ = {isa = PBXBuildFile; fileRef = 09C55598272AA7130023D51C /* Configs.swift */; };
		09C5559B272AA7FB0023D51C /* UIView+Extension.swift in Sources */ = {isa = PBXBuildFile; fileRef = 09C5559A272AA7FB0023D51C /* UIView+Extension.swift */; };
		09C55665272E7CFB0023D51C /* CategorySearchViewModel.swift in Sources */ = {isa = PBXBuildFile; fileRef = 09C55664272E7CFB0023D51C /* CategorySearchViewModel.swift */; };
		09C55667272E7D310023D51C /* ResourceAPI.swift in Sources */ = {isa = PBXBuildFile; fileRef = 09C55666272E7D310023D51C /* ResourceAPI.swift */; };
		09C55669272E7D9B0023D51C /* CategorySearchSection.swift in Sources */ = {isa = PBXBuildFile; fileRef = 09C55668272E7D9B0023D51C /* CategorySearchSection.swift */; };
		09C5566B272E7EBF0023D51C /* ViewModelType.swift in Sources */ = {isa = PBXBuildFile; fileRef = 09C5566A272E7EBF0023D51C /* ViewModelType.swift */; };
		09C5566D272E7FB10023D51C /* UIViewController+RxExtension.swift in Sources */ = {isa = PBXBuildFile; fileRef = 09C5566C272E7FB10023D51C /* UIViewController+RxExtension.swift */; };
		09D37F6D27269C27003B4E6A /* AppDelegate.swift in Sources */ = {isa = PBXBuildFile; fileRef = 09D37F6C27269C27003B4E6A /* AppDelegate.swift */; };
		09D37F6F27269C27003B4E6A /* SceneDelegate.swift in Sources */ = {isa = PBXBuildFile; fileRef = 09D37F6E27269C27003B4E6A /* SceneDelegate.swift */; };
		09D37F7127269C27003B4E6A /* ViewController.swift in Sources */ = {isa = PBXBuildFile; fileRef = 09D37F7027269C27003B4E6A /* ViewController.swift */; };
		09D37F7627269C2B003B4E6A /* Assets.xcassets in Resources */ = {isa = PBXBuildFile; fileRef = 09D37F7527269C2B003B4E6A /* Assets.xcassets */; };
		09D37F8727269D92003B4E6A /* Challenge2Tests.swift in Sources */ = {isa = PBXBuildFile; fileRef = 09D37F8627269D92003B4E6A /* Challenge2Tests.swift */; };
		09D37FBA2727C72D003B4E6A /* HomeTabBarController.swift in Sources */ = {isa = PBXBuildFile; fileRef = 09D37FB92727C72D003B4E6A /* HomeTabBarController.swift */; };
		09D37FBD2727CC59003B4E6A /* ThemeManager.swift in Sources */ = {isa = PBXBuildFile; fileRef = 09D37FBC2727CC59003B4E6A /* ThemeManager.swift */; };
		09D37FBF2727DBFB003B4E6A /* BaseSearchViewController.swift in Sources */ = {isa = PBXBuildFile; fileRef = 09D37FBE2727DBFB003B4E6A /* BaseSearchViewController.swift */; };
		09D37FC12727DF3D003B4E6A /* CategorySearchViewController.swift in Sources */ = {isa = PBXBuildFile; fileRef = 09D37FC02727DF3D003B4E6A /* CategorySearchViewController.swift */; };
		09D37FC32727DF85003B4E6A /* BaseListController.swift in Sources */ = {isa = PBXBuildFile; fileRef = 09D37FC22727DF85003B4E6A /* BaseListController.swift */; };
		09D37FC62727E0B4003B4E6A /* UIColor+Extension.swift in Sources */ = {isa = PBXBuildFile; fileRef = 09D37FC52727E0B4003B4E6A /* UIColor+Extension.swift */; };
		09D37FCA2727E3B6003B4E6A /* CategorySearchCell.swift in Sources */ = {isa = PBXBuildFile; fileRef = 09D37FC92727E3B6003B4E6A /* CategorySearchCell.swift */; };
		09D37FCC2727E40D003B4E6A /* UIView+Layout.swift in Sources */ = {isa = PBXBuildFile; fileRef = 09D37FCB2727E40C003B4E6A /* UIView+Layout.swift */; };
		09D37FCF2727E7F6003B4E6A /* CategoryResouce.swift in Sources */ = {isa = PBXBuildFile; fileRef = 09D37FCE2727E7F6003B4E6A /* CategoryResouce.swift */; };
		09D37FD12727EC57003B4E6A /* CategorySearchFooterReusableView.swift in Sources */ = {isa = PBXBuildFile; fileRef = 09D37FD02727EC57003B4E6A /* CategorySearchFooterReusableView.swift */; };
		09D37FD32727FE6D003B4E6A /* OfficialAppSearchViewController.swift in Sources */ = {isa = PBXBuildFile; fileRef = 09D37FD22727FE6D003B4E6A /* OfficialAppSearchViewController.swift */; };
		09D37FD52727FF57003B4E6A /* OfficialAppSearchCell.swift in Sources */ = {isa = PBXBuildFile; fileRef = 09D37FD42727FF57003B4E6A /* OfficialAppSearchCell.swift */; };
		09D37FFB272841EF003B4E6A /* UIsearchBar+Extension.swift in Sources */ = {isa = PBXBuildFile; fileRef = 09D37FFA272841EF003B4E6A /* UIsearchBar+Extension.swift */; };
		09E1A3252744F837001CE726 /* ChallengeSampleDataAPI.swift in Sources */ = {isa = PBXBuildFile; fileRef = 09E1A3242744F837001CE726 /* ChallengeSampleDataAPI.swift */; };
		09E1A32727463AF4001CE726 /* CaluculateDropDownViewHeight.swift in Sources */ = {isa = PBXBuildFile; fileRef = 09E1A32627463AF4001CE726 /* CaluculateDropDownViewHeight.swift */; };
		09E1A3292746439C001CE726 /* Others.swift in Sources */ = {isa = PBXBuildFile; fileRef = 09E1A3282746439C001CE726 /* Others.swift */; };
		85872163FF2020BCFBE757DD /* Pods_Challenge2.framework in Frameworks */ = {isa = PBXBuildFile; fileRef = FC749EFDD15C18C2D7A8BA21 /* Pods_Challenge2.framework */; };
		BFBD87A01DF794755300BC2D /* Pods_Challenge2Tests.framework in Frameworks */ = {isa = PBXBuildFile; fileRef = 7B3EA5EAEB3D786D1A46BCCD /* Pods_Challenge2Tests.framework */; };
/* End PBXBuildFile section */

/* Begin PBXContainerItemProxy section */
		09D37F8927269D92003B4E6A /* PBXContainerItemProxy */ = {
			isa = PBXContainerItemProxy;
			containerPortal = 09D37F6127269C27003B4E6A /* Project object */;
			proxyType = 1;
			remoteGlobalIDString = 09D37F6827269C27003B4E6A;
			remoteInfo = Challenge2;
		};
/* End PBXContainerItemProxy section */

/* Begin PBXFileReference section */
		094C000127292EE400313907 /* ExampleJSON.swift */ = {isa = PBXFileReference; lastKnownFileType = sourcecode.swift; path = ExampleJSON.swift; sourceTree = "<group>"; };
		094C00032729317700313907 /* FeedResultTests.swift */ = {isa = PBXFileReference; lastKnownFileType = sourcecode.swift; path = FeedResultTests.swift; sourceTree = "<group>"; };
		094C0005272936FE00313907 /* APIClientError.swift */ = {isa = PBXFileReference; lastKnownFileType = sourcecode.swift; path = APIClientError.swift; sourceTree = "<group>"; };
		094C000727293BDF00313907 /* TagResource.swift */ = {isa = PBXFileReference; lastKnownFileType = sourcecode.swift; path = TagResource.swift; sourceTree = "<group>"; };
		094C00092729579700313907 /* TagSearchViewController.swift */ = {isa = PBXFileReference; lastKnownFileType = sourcecode.swift; path = TagSearchViewController.swift; sourceTree = "<group>"; };
		094C000B272958F400313907 /* LeftAlignedCollectionViewFlowLayout.swift */ = {isa = PBXFileReference; lastKnownFileType = sourcecode.swift; path = LeftAlignedCollectionViewFlowLayout.swift; sourceTree = "<group>"; };
		094C0011272971D000313907 /* TagSearchHeaderReusableView.swift */ = {isa = PBXFileReference; lastKnownFileType = sourcecode.swift; path = TagSearchHeaderReusableView.swift; sourceTree = "<group>"; };
		094C00132729720400313907 /* TagCollectionViewCell.swift */ = {isa = PBXFileReference; lastKnownFileType = sourcecode.swift; path = TagCollectionViewCell.swift; sourceTree = "<group>"; };
		094C001827297C9000313907 /* TeamListTableViewController.swift */ = {isa = PBXFileReference; lastKnownFileType = sourcecode.swift; path = TeamListTableViewController.swift; sourceTree = "<group>"; };
		094C001A27298DCF00313907 /* DefaultTableViewCell.swift */ = {isa = PBXFileReference; lastKnownFileType = sourcecode.swift; path = DefaultTableViewCell.swift; sourceTree = "<group>"; };
		094C001C2729A32C00313907 /* TeamListTableViewCell.swift */ = {isa = PBXFileReference; lastKnownFileType = sourcecode.swift; path = TeamListTableViewCell.swift; sourceTree = "<group>"; };
		094C001E2729A3E300313907 /* CustomTableViewCell.swift */ = {isa = PBXFileReference; lastKnownFileType = sourcecode.swift; path = CustomTableViewCell.swift; sourceTree = "<group>"; };
		094C00202729AB7B00313907 /* TeamListCollectionViewController.swift */ = {isa = PBXFileReference; lastKnownFileType = sourcecode.swift; path = TeamListCollectionViewController.swift; sourceTree = "<group>"; };
		094C00222729AC1E00313907 /* DefaultCollectionViewCell.swift */ = {isa = PBXFileReference; lastKnownFileType = sourcecode.swift; path = DefaultCollectionViewCell.swift; sourceTree = "<group>"; };
		094C00242729AC3000313907 /* CustomCollectionViewCell.swift */ = {isa = PBXFileReference; lastKnownFileType = sourcecode.swift; path = CustomCollectionViewCell.swift; sourceTree = "<group>"; };
		094C00262729AD6400313907 /* TeamListCollectionViewCell.swift */ = {isa = PBXFileReference; lastKnownFileType = sourcecode.swift; path = TeamListCollectionViewCell.swift; sourceTree = "<group>"; };
		094CFFFF27292E0C00313907 /* FeedResult.swift */ = {isa = PBXFileReference; lastKnownFileType = sourcecode.swift; path = FeedResult.swift; sourceTree = "<group>"; };
		095D49E1273BEFFC0067AF55 /* CustomTableViewCellViewModel.swift */ = {isa = PBXFileReference; lastKnownFileType = sourcecode.swift; path = CustomTableViewCellViewModel.swift; sourceTree = "<group>"; };
		095D49E3273BF21B0067AF55 /* TeamDetailImageCellViewModel.swift */ = {isa = PBXFileReference; lastKnownFileType = sourcecode.swift; path = TeamDetailImageCellViewModel.swift; sourceTree = "<group>"; };
		095D49E5273BF6230067AF55 /* DetailDescriptionCellViewModel.swift */ = {isa = PBXFileReference; lastKnownFileType = sourcecode.swift; path = DetailDescriptionCellViewModel.swift; sourceTree = "<group>"; };
		095D49E7273BF9820067AF55 /* DetailScreenshotCellViewModel.swift */ = {isa = PBXFileReference; lastKnownFileType = sourcecode.swift; path = DetailScreenshotCellViewModel.swift; sourceTree = "<group>"; };
		095D49E9273BFCD90067AF55 /* ScreenshotCollectionViewModel.swift */ = {isa = PBXFileReference; lastKnownFileType = sourcecode.swift; path = ScreenshotCollectionViewModel.swift; sourceTree = "<group>"; };
		095D49EB273BFD080067AF55 /* ScreenshotSection.swift */ = {isa = PBXFileReference; lastKnownFileType = sourcecode.swift; path = ScreenshotSection.swift; sourceTree = "<group>"; };
		095D49ED273BFE8A0067AF55 /* ScreenshotCell.swift */ = {isa = PBXFileReference; lastKnownFileType = sourcecode.swift; path = ScreenshotCell.swift; sourceTree = "<group>"; };
		095D49EF273C39A50067AF55 /* String+Extension.swift */ = {isa = PBXFileReference; lastKnownFileType = sourcecode.swift; path = "String+Extension.swift"; sourceTree = "<group>"; };
		095D49F2273D04EC0067AF55 /* SampleTestTableViewController.swift */ = {isa = PBXFileReference; lastKnownFileType = sourcecode.swift; path = SampleTestTableViewController.swift; sourceTree = "<group>"; };
		095D49F4273D202E0067AF55 /* TeamDetailInfoResource.swift */ = {isa = PBXFileReference; lastKnownFileType = sourcecode.swift; path = TeamDetailInfoResource.swift; sourceTree = "<group>"; };
		095D49F6273D2CB40067AF55 /* FavoriteRegisterCellViewModel.swift */ = {isa = PBXFileReference; lastKnownFileType = sourcecode.swift; path = FavoriteRegisterCellViewModel.swift; sourceTree = "<group>"; };
		095D49F9273D3C870067AF55 /* Wireframe.swift */ = {isa = PBXFileReference; fileEncoding = 4; lastKnownFileType = sourcecode.swift; path = Wireframe.swift; sourceTree = "<group>"; };
		095D49FB273D3D520067AF55 /* ReportButtonCellViewModel.swift */ = {isa = PBXFileReference; lastKnownFileType = sourcecode.swift; path = ReportButtonCellViewModel.swift; sourceTree = "<group>"; };
		095D4A0C273F89040067AF55 /* UIAlertController+Extension.swift */ = {isa = PBXFileReference; lastKnownFileType = sourcecode.swift; path = "UIAlertController+Extension.swift"; sourceTree = "<group>"; };
		095D4A3A27411C5C0067AF55 /* ActivityIndicator.swift */ = {isa = PBXFileReference; fileEncoding = 4; lastKnownFileType = sourcecode.swift; path = ActivityIndicator.swift; sourceTree = "<group>"; };
		095DC46A272FCA7200547CE5 /* TagSearchViewModel.swift */ = {isa = PBXFileReference; lastKnownFileType = sourcecode.swift; path = TagSearchViewModel.swift; sourceTree = "<group>"; };
		095DC46C272FCD9700547CE5 /* TagSearchSection.swift */ = {isa = PBXFileReference; lastKnownFileType = sourcecode.swift; path = TagSearchSection.swift; sourceTree = "<group>"; };
		095DC470272FDD8100547CE5 /* SearchResponse.swift */ = {isa = PBXFileReference; lastKnownFileType = sourcecode.swift; path = SearchResponse.swift; sourceTree = "<group>"; };
		095DC474272FE12F00547CE5 /* SearchResponseTests.swift */ = {isa = PBXFileReference; lastKnownFileType = sourcecode.swift; path = SearchResponseTests.swift; sourceTree = "<group>"; };
		095DC4762730DFDF00547CE5 /* Float+Extension.swift */ = {isa = PBXFileReference; lastKnownFileType = sourcecode.swift; path = "Float+Extension.swift"; sourceTree = "<group>"; };
		095DC4782730E89100547CE5 /* App.swift */ = {isa = PBXFileReference; lastKnownFileType = sourcecode.swift; path = App.swift; sourceTree = "<group>"; };
		095DC47A2730E98B00547CE5 /* ChallengeClientError.swift */ = {isa = PBXFileReference; lastKnownFileType = sourcecode.swift; path = ChallengeClientError.swift; sourceTree = "<group>"; };
		095DC47C2730E9F000547CE5 /* ChallengeAPIError.swift */ = {isa = PBXFileReference; lastKnownFileType = sourcecode.swift; path = ChallengeAPIError.swift; sourceTree = "<group>"; };
		095DC47E2730EE4400547CE5 /* ChallengeAPIRequest.swift */ = {isa = PBXFileReference; lastKnownFileType = sourcecode.swift; path = ChallengeAPIRequest.swift; sourceTree = "<group>"; };
		095DC4802730EE7100547CE5 /* ChallengeRequest.swift */ = {isa = PBXFileReference; lastKnownFileType = sourcecode.swift; path = ChallengeRequest.swift; sourceTree = "<group>"; };
		095DC4822730EF2B00547CE5 /* HTTPMethod.swift */ = {isa = PBXFileReference; fileEncoding = 4; lastKnownFileType = sourcecode.swift; path = HTTPMethod.swift; sourceTree = "<group>"; };
		095DC4842730F29000547CE5 /* MnemonicCode.swift */ = {isa = PBXFileReference; lastKnownFileType = sourcecode.swift; path = MnemonicCode.swift; sourceTree = "<group>"; };
		095DC486273102A100547CE5 /* HTTPClient.swift */ = {isa = PBXFileReference; lastKnownFileType = sourcecode.swift; path = HTTPClient.swift; sourceTree = "<group>"; };
		095DC4882731074B00547CE5 /* StubHTTPClient.swift */ = {isa = PBXFileReference; lastKnownFileType = sourcecode.swift; path = StubHTTPClient.swift; sourceTree = "<group>"; };
		095DC48A273108C100547CE5 /* ChallengeClient.swift */ = {isa = PBXFileReference; lastKnownFileType = sourcecode.swift; path = ChallengeClient.swift; sourceTree = "<group>"; };
		095DC48C27310C4A00547CE5 /* ChallengeClientTests.swift */ = {isa = PBXFileReference; lastKnownFileType = sourcecode.swift; path = ChallengeClientTests.swift; sourceTree = "<group>"; };
		095DC4C227322CAE00547CE5 /* search_itunes.json */ = {isa = PBXFileReference; fileEncoding = 4; lastKnownFileType = text.json; path = search_itunes.json; sourceTree = "<group>"; };
		095DC4C42732310D00547CE5 /* search_itunes2.json */ = {isa = PBXFileReference; lastKnownFileType = text.json; path = search_itunes2.json; sourceTree = "<group>"; };
		095DC4C72732747B00547CE5 /* MockChallengeAPI.swift */ = {isa = PBXFileReference; lastKnownFileType = sourcecode.swift; path = MockChallengeAPI.swift; sourceTree = "<group>"; };
		095DC4C9273274AF00547CE5 /* TeamListViewModel.swift */ = {isa = PBXFileReference; lastKnownFileType = sourcecode.swift; path = TeamListViewModel.swift; sourceTree = "<group>"; };
		095DC4CB2732756100547CE5 /* TeamListSection.swift */ = {isa = PBXFileReference; lastKnownFileType = sourcecode.swift; path = TeamListSection.swift; sourceTree = "<group>"; };
		095DC4CD273275B500547CE5 /* TeamListCellViewModel.swift */ = {isa = PBXFileReference; lastKnownFileType = sourcecode.swift; path = TeamListCellViewModel.swift; sourceTree = "<group>"; };
		095DC4D22732CECB00547CE5 /* ChallengeAPI.swift */ = {isa = PBXFileReference; lastKnownFileType = sourcecode.swift; path = ChallengeAPI.swift; sourceTree = "<group>"; };
		095DC4D627343DB800547CE5 /* Reactive+RxExtension.swift */ = {isa = PBXFileReference; lastKnownFileType = sourcecode.swift; path = "Reactive+RxExtension.swift"; sourceTree = "<group>"; };
		095DC4D92734D12700547CE5 /* OfficialAppSearchSection.swift */ = {isa = PBXFileReference; lastKnownFileType = sourcecode.swift; path = OfficialAppSearchSection.swift; sourceTree = "<group>"; };
		095DC4DB2734D21C00547CE5 /* OfficialAppSearchViewModel.swift */ = {isa = PBXFileReference; lastKnownFileType = sourcecode.swift; path = OfficialAppSearchViewModel.swift; sourceTree = "<group>"; };
		095DC4DD2734E89E00547CE5 /* search_feedApp.json */ = {isa = PBXFileReference; lastKnownFileType = text.json; path = search_feedApp.json; sourceTree = "<group>"; };
		095DC4DF2734E8FF00547CE5 /* MockResourceFeedAPI.swift */ = {isa = PBXFileReference; lastKnownFileType = sourcecode.swift; path = MockResourceFeedAPI.swift; sourceTree = "<group>"; };
		095DC4E1273513B400547CE5 /* TeamDetailTableViewController.swift */ = {isa = PBXFileReference; lastKnownFileType = sourcecode.swift; path = TeamDetailTableViewController.swift; sourceTree = "<group>"; };
		095DC4E32735148900547CE5 /* TeamDetailViewModel.swift */ = {isa = PBXFileReference; lastKnownFileType = sourcecode.swift; path = TeamDetailViewModel.swift; sourceTree = "<group>"; };
		095DC4E5273514AC00547CE5 /* TeamDetailSection.swift */ = {isa = PBXFileReference; lastKnownFileType = sourcecode.swift; path = TeamDetailSection.swift; sourceTree = "<group>"; };
		095DC4E7273514C900547CE5 /* TeamDetailTableViewCell.swift */ = {isa = PBXFileReference; lastKnownFileType = sourcecode.swift; path = TeamDetailTableViewCell.swift; sourceTree = "<group>"; };
		095DC4E9273514E900547CE5 /* DetailInfoCellViewModel.swift */ = {isa = PBXFileReference; lastKnownFileType = sourcecode.swift; path = DetailInfoCellViewModel.swift; sourceTree = "<group>"; };
		095DC4EB273522C000547CE5 /* search_app.json */ = {isa = PBXFileReference; lastKnownFileType = text.json; path = search_app.json; sourceTree = "<group>"; };
		095DC4ED2735459800547CE5 /* TeamDetailImageCell.swift */ = {isa = PBXFileReference; lastKnownFileType = sourcecode.swift; path = TeamDetailImageCell.swift; sourceTree = "<group>"; };
		095DC4F02735496500547CE5 /* AchievementRateCell.swift */ = {isa = PBXFileReference; fileEncoding = 4; lastKnownFileType = sourcecode.swift; path = AchievementRateCell.swift; sourceTree = "<group>"; };
		095DC4F227354C6400547CE5 /* DetailDescriptionCell.swift */ = {isa = PBXFileReference; fileEncoding = 4; lastKnownFileType = sourcecode.swift; path = DetailDescriptionCell.swift; sourceTree = "<group>"; };
		095DC4F427354EA200547CE5 /* DetailScreenshotCell.swift */ = {isa = PBXFileReference; fileEncoding = 4; lastKnownFileType = sourcecode.swift; path = DetailScreenshotCell.swift; sourceTree = "<group>"; };
		095DC4F62735500E00547CE5 /* ScreenshotCollectionViewController.swift */ = {isa = PBXFileReference; fileEncoding = 4; lastKnownFileType = sourcecode.swift; path = ScreenshotCollectionViewController.swift; sourceTree = "<group>"; };
		095DC4FA2735A5A400547CE5 /* DetailInfoCell.swift */ = {isa = PBXFileReference; fileEncoding = 4; lastKnownFileType = sourcecode.swift; path = DetailInfoCell.swift; sourceTree = "<group>"; };
		095DC4FC2735B6D900547CE5 /* FavoriteRegisterCell.swift */ = {isa = PBXFileReference; fileEncoding = 4; lastKnownFileType = sourcecode.swift; path = FavoriteRegisterCell.swift; sourceTree = "<group>"; };
		095DC4FE2735B89800547CE5 /* ReportButtonCell.swift */ = {isa = PBXFileReference; fileEncoding = 4; lastKnownFileType = sourcecode.swift; path = ReportButtonCell.swift; sourceTree = "<group>"; };
		095DC5002735BA3700547CE5 /* BottomView.swift */ = {isa = PBXFileReference; fileEncoding = 4; lastKnownFileType = sourcecode.swift; path = BottomView.swift; sourceTree = "<group>"; };
		095DC5022736397F00547CE5 /* TableViewCell.swift */ = {isa = PBXFileReference; lastKnownFileType = sourcecode.swift; path = TableViewCell.swift; sourceTree = "<group>"; };
		095DC5042736522800547CE5 /* CustomDetailCell.swift */ = {isa = PBXFileReference; lastKnownFileType = sourcecode.swift; path = CustomDetailCell.swift; sourceTree = "<group>"; };
		095DC5082737B9EE00547CE5 /* AchievementRateCircleView.swift */ = {isa = PBXFileReference; lastKnownFileType = sourcecode.swift; path = AchievementRateCircleView.swift; sourceTree = "<group>"; };
		095DC50A2737EB3D00547CE5 /* UILabel+Extension.swift */ = {isa = PBXFileReference; lastKnownFileType = sourcecode.swift; path = "UILabel+Extension.swift"; sourceTree = "<group>"; };
		095DC52E27390F9600547CE5 /* FloatingViewScrollDownDemo.swift */ = {isa = PBXFileReference; lastKnownFileType = sourcecode.swift; path = FloatingViewScrollDownDemo.swift; sourceTree = "<group>"; };
		095DC5312739175E00547CE5 /* DropDownTableViewController.swift */ = {isa = PBXFileReference; lastKnownFileType = sourcecode.swift; path = DropDownTableViewController.swift; sourceTree = "<group>"; };
		095DC533273917ED00547CE5 /* DropDownTextFieldCell.swift */ = {isa = PBXFileReference; lastKnownFileType = sourcecode.swift; path = DropDownTextFieldCell.swift; sourceTree = "<group>"; };
		095DC5352739187500547CE5 /* DropDownCategoryCell.swift */ = {isa = PBXFileReference; lastKnownFileType = sourcecode.swift; path = DropDownCategoryCell.swift; sourceTree = "<group>"; };
		095DC5372739193000547CE5 /* DropDownSearchSegmentedCell.swift */ = {isa = PBXFileReference; lastKnownFileType = sourcecode.swift; path = DropDownSearchSegmentedCell.swift; sourceTree = "<group>"; };
		095DC5392739196100547CE5 /* DropDownSortSegmentedCell.swift */ = {isa = PBXFileReference; lastKnownFileType = sourcecode.swift; path = DropDownSortSegmentedCell.swift; sourceTree = "<group>"; };
		095DC53B273919AE00547CE5 /* DropDownSearchButtonCell.swift */ = {isa = PBXFileReference; lastKnownFileType = sourcecode.swift; path = DropDownSearchButtonCell.swift; sourceTree = "<group>"; };
		095DC53F27393C7400547CE5 /* DropDownFloatingView.swift */ = {isa = PBXFileReference; lastKnownFileType = sourcecode.swift; path = DropDownFloatingView.swift; sourceTree = "<group>"; };
		095DC541273B81EA00547CE5 /* AchievementRateCellViewModel.swift */ = {isa = PBXFileReference; lastKnownFileType = sourcecode.swift; path = AchievementRateCellViewModel.swift; sourceTree = "<group>"; };
		09C55598272AA7130023D51C /* Configs.swift */ = {isa = PBXFileReference; lastKnownFileType = sourcecode.swift; path = Configs.swift; sourceTree = "<group>"; };
		09C5559A272AA7FB0023D51C /* UIView+Extension.swift */ = {isa = PBXFileReference; lastKnownFileType = sourcecode.swift; path = "UIView+Extension.swift"; sourceTree = "<group>"; };
		09C55664272E7CFB0023D51C /* CategorySearchViewModel.swift */ = {isa = PBXFileReference; lastKnownFileType = sourcecode.swift; path = CategorySearchViewModel.swift; sourceTree = "<group>"; };
		09C55666272E7D310023D51C /* ResourceAPI.swift */ = {isa = PBXFileReference; lastKnownFileType = sourcecode.swift; path = ResourceAPI.swift; sourceTree = "<group>"; };
		09C55668272E7D9B0023D51C /* CategorySearchSection.swift */ = {isa = PBXFileReference; lastKnownFileType = sourcecode.swift; path = CategorySearchSection.swift; sourceTree = "<group>"; };
		09C5566A272E7EBF0023D51C /* ViewModelType.swift */ = {isa = PBXFileReference; lastKnownFileType = sourcecode.swift; path = ViewModelType.swift; sourceTree = "<group>"; };
		09C5566C272E7FB10023D51C /* UIViewController+RxExtension.swift */ = {isa = PBXFileReference; fileEncoding = 4; lastKnownFileType = sourcecode.swift; path = "UIViewController+RxExtension.swift"; sourceTree = "<group>"; };
		09D37F6927269C27003B4E6A /* Challenge2.app */ = {isa = PBXFileReference; explicitFileType = wrapper.application; includeInIndex = 0; path = Challenge2.app; sourceTree = BUILT_PRODUCTS_DIR; };
		09D37F6C27269C27003B4E6A /* AppDelegate.swift */ = {isa = PBXFileReference; lastKnownFileType = sourcecode.swift; path = AppDelegate.swift; sourceTree = "<group>"; };
		09D37F6E27269C27003B4E6A /* SceneDelegate.swift */ = {isa = PBXFileReference; lastKnownFileType = sourcecode.swift; path = SceneDelegate.swift; sourceTree = "<group>"; };
		09D37F7027269C27003B4E6A /* ViewController.swift */ = {isa = PBXFileReference; lastKnownFileType = sourcecode.swift; path = ViewController.swift; sourceTree = "<group>"; };
		09D37F7527269C2B003B4E6A /* Assets.xcassets */ = {isa = PBXFileReference; lastKnownFileType = folder.assetcatalog; path = Assets.xcassets; sourceTree = "<group>"; };
		09D37F7A27269C2B003B4E6A /* Info.plist */ = {isa = PBXFileReference; lastKnownFileType = text.plist.xml; path = Info.plist; sourceTree = "<group>"; };
		09D37F8427269D92003B4E6A /* Challenge2Tests.xctest */ = {isa = PBXFileReference; explicitFileType = wrapper.cfbundle; includeInIndex = 0; path = Challenge2Tests.xctest; sourceTree = BUILT_PRODUCTS_DIR; };
		09D37F8627269D92003B4E6A /* Challenge2Tests.swift */ = {isa = PBXFileReference; lastKnownFileType = sourcecode.swift; path = Challenge2Tests.swift; sourceTree = "<group>"; };
		09D37F8827269D92003B4E6A /* Info.plist */ = {isa = PBXFileReference; lastKnownFileType = text.plist.xml; path = Info.plist; sourceTree = "<group>"; };
		09D37FB92727C72D003B4E6A /* HomeTabBarController.swift */ = {isa = PBXFileReference; lastKnownFileType = sourcecode.swift; path = HomeTabBarController.swift; sourceTree = "<group>"; };
		09D37FBC2727CC59003B4E6A /* ThemeManager.swift */ = {isa = PBXFileReference; lastKnownFileType = sourcecode.swift; path = ThemeManager.swift; sourceTree = "<group>"; };
		09D37FBE2727DBFB003B4E6A /* BaseSearchViewController.swift */ = {isa = PBXFileReference; lastKnownFileType = sourcecode.swift; path = BaseSearchViewController.swift; sourceTree = "<group>"; };
		09D37FC02727DF3D003B4E6A /* CategorySearchViewController.swift */ = {isa = PBXFileReference; lastKnownFileType = sourcecode.swift; path = CategorySearchViewController.swift; sourceTree = "<group>"; };
		09D37FC22727DF85003B4E6A /* BaseListController.swift */ = {isa = PBXFileReference; lastKnownFileType = sourcecode.swift; path = BaseListController.swift; sourceTree = "<group>"; };
		09D37FC52727E0B4003B4E6A /* UIColor+Extension.swift */ = {isa = PBXFileReference; lastKnownFileType = sourcecode.swift; path = "UIColor+Extension.swift"; sourceTree = "<group>"; };
		09D37FC92727E3B6003B4E6A /* CategorySearchCell.swift */ = {isa = PBXFileReference; lastKnownFileType = sourcecode.swift; path = CategorySearchCell.swift; sourceTree = "<group>"; };
		09D37FCB2727E40C003B4E6A /* UIView+Layout.swift */ = {isa = PBXFileReference; fileEncoding = 4; lastKnownFileType = sourcecode.swift; path = "UIView+Layout.swift"; sourceTree = "<group>"; };
		09D37FCE2727E7F6003B4E6A /* CategoryResouce.swift */ = {isa = PBXFileReference; lastKnownFileType = sourcecode.swift; path = CategoryResouce.swift; sourceTree = "<group>"; };
		09D37FD02727EC57003B4E6A /* CategorySearchFooterReusableView.swift */ = {isa = PBXFileReference; lastKnownFileType = sourcecode.swift; path = CategorySearchFooterReusableView.swift; sourceTree = "<group>"; };
		09D37FD22727FE6D003B4E6A /* OfficialAppSearchViewController.swift */ = {isa = PBXFileReference; lastKnownFileType = sourcecode.swift; path = OfficialAppSearchViewController.swift; sourceTree = "<group>"; };
		09D37FD42727FF57003B4E6A /* OfficialAppSearchCell.swift */ = {isa = PBXFileReference; lastKnownFileType = sourcecode.swift; path = OfficialAppSearchCell.swift; sourceTree = "<group>"; };
		09D37FFA272841EF003B4E6A /* UIsearchBar+Extension.swift */ = {isa = PBXFileReference; lastKnownFileType = sourcecode.swift; path = "UIsearchBar+Extension.swift"; sourceTree = "<group>"; };
		09E1A3242744F837001CE726 /* ChallengeSampleDataAPI.swift */ = {isa = PBXFileReference; lastKnownFileType = sourcecode.swift; path = ChallengeSampleDataAPI.swift; sourceTree = "<group>"; };
		09E1A32627463AF4001CE726 /* CaluculateDropDownViewHeight.swift */ = {isa = PBXFileReference; lastKnownFileType = sourcecode.swift; path = CaluculateDropDownViewHeight.swift; sourceTree = "<group>"; };
		09E1A3282746439C001CE726 /* Others.swift */ = {isa = PBXFileReference; lastKnownFileType = sourcecode.swift; path = Others.swift; sourceTree = "<group>"; };
		0F21AEA2CCEC8E49D3AC9D4A /* Pods-Challenge2.debug.xcconfig */ = {isa = PBXFileReference; includeInIndex = 1; lastKnownFileType = text.xcconfig; name = "Pods-Challenge2.debug.xcconfig"; path = "Target Support Files/Pods-Challenge2/Pods-Challenge2.debug.xcconfig"; sourceTree = "<group>"; };
		3052620CBBA1B3561980B195 /* Pods-Challenge2.release.xcconfig */ = {isa = PBXFileReference; includeInIndex = 1; lastKnownFileType = text.xcconfig; name = "Pods-Challenge2.release.xcconfig"; path = "Target Support Files/Pods-Challenge2/Pods-Challenge2.release.xcconfig"; sourceTree = "<group>"; };
		7B3EA5EAEB3D786D1A46BCCD /* Pods_Challenge2Tests.framework */ = {isa = PBXFileReference; explicitFileType = wrapper.framework; includeInIndex = 0; path = Pods_Challenge2Tests.framework; sourceTree = BUILT_PRODUCTS_DIR; };
		87891C9D60C9C2B6199A2207 /* Pods-Challenge2Tests.debug.xcconfig */ = {isa = PBXFileReference; includeInIndex = 1; lastKnownFileType = text.xcconfig; name = "Pods-Challenge2Tests.debug.xcconfig"; path = "Target Support Files/Pods-Challenge2Tests/Pods-Challenge2Tests.debug.xcconfig"; sourceTree = "<group>"; };
		8ED63AA0E6F18892742C2752 /* Pods-Challenge2Tests.release.xcconfig */ = {isa = PBXFileReference; includeInIndex = 1; lastKnownFileType = text.xcconfig; name = "Pods-Challenge2Tests.release.xcconfig"; path = "Target Support Files/Pods-Challenge2Tests/Pods-Challenge2Tests.release.xcconfig"; sourceTree = "<group>"; };
		FC749EFDD15C18C2D7A8BA21 /* Pods_Challenge2.framework */ = {isa = PBXFileReference; explicitFileType = wrapper.framework; includeInIndex = 0; path = Pods_Challenge2.framework; sourceTree = BUILT_PRODUCTS_DIR; };
/* End PBXFileReference section */

/* Begin PBXFrameworksBuildPhase section */
		09D37F6627269C27003B4E6A /* Frameworks */ = {
			isa = PBXFrameworksBuildPhase;
			buildActionMask = 2147483647;
			files = (
				85872163FF2020BCFBE757DD /* Pods_Challenge2.framework in Frameworks */,
			);
			runOnlyForDeploymentPostprocessing = 0;
		};
		09D37F8127269D92003B4E6A /* Frameworks */ = {
			isa = PBXFrameworksBuildPhase;
			buildActionMask = 2147483647;
			files = (
				BFBD87A01DF794755300BC2D /* Pods_Challenge2Tests.framework in Frameworks */,
			);
			runOnlyForDeploymentPostprocessing = 0;
		};
/* End PBXFrameworksBuildPhase section */

/* Begin PBXGroup section */
		094C000D2729702600313907 /* Category */ = {
			isa = PBXGroup;
			children = (
				09D37FC02727DF3D003B4E6A /* CategorySearchViewController.swift */,
				09C55664272E7CFB0023D51C /* CategorySearchViewModel.swift */,
				09C55668272E7D9B0023D51C /* CategorySearchSection.swift */,
				09D37FC92727E3B6003B4E6A /* CategorySearchCell.swift */,
				09D37FD02727EC57003B4E6A /* CategorySearchFooterReusableView.swift */,
			);
			path = Category;
			sourceTree = "<group>";
		};
		094C000E2729704300313907 /* Tag */ = {
			isa = PBXGroup;
			children = (
				094C00092729579700313907 /* TagSearchViewController.swift */,
				095DC46A272FCA7200547CE5 /* TagSearchViewModel.swift */,
				095DC46C272FCD9700547CE5 /* TagSearchSection.swift */,
				094C00132729720400313907 /* TagCollectionViewCell.swift */,
				094C0011272971D000313907 /* TagSearchHeaderReusableView.swift */,
			);
			path = Tag;
			sourceTree = "<group>";
		};
		094C000F2729705000313907 /* OfficialApp */ = {
			isa = PBXGroup;
			children = (
				09D37FD22727FE6D003B4E6A /* OfficialAppSearchViewController.swift */,
				095DC4DB2734D21C00547CE5 /* OfficialAppSearchViewModel.swift */,
				09D37FD42727FF57003B4E6A /* OfficialAppSearchCell.swift */,
				095DC4D92734D12700547CE5 /* OfficialAppSearchSection.swift */,
			);
			path = OfficialApp;
			sourceTree = "<group>";
		};
		094C00102729707100313907 /* Base */ = {
			isa = PBXGroup;
			children = (
				09D37FBE2727DBFB003B4E6A /* BaseSearchViewController.swift */,
			);
			path = Base;
			sourceTree = "<group>";
		};
		094C001527297BE200313907 /* Team */ = {
			isa = PBXGroup;
			children = (
				094C001627297C5C00313907 /* List */,
				094C001727297C6B00313907 /* Detail */,
			);
			path = Team;
			sourceTree = "<group>";
		};
		094C001627297C5C00313907 /* List */ = {
			isa = PBXGroup;
			children = (
				094C001827297C9000313907 /* TeamListTableViewController.swift */,
				095DC4C9273274AF00547CE5 /* TeamListViewModel.swift */,
				094C001C2729A32C00313907 /* TeamListTableViewCell.swift */,
				095DC4CD273275B500547CE5 /* TeamListCellViewModel.swift */,
				095DC4CB2732756100547CE5 /* TeamListSection.swift */,
				095DC5302739172E00547CE5 /* DropDownView+Cell */,
			);
			path = List;
			sourceTree = "<group>";
		};
		094C001727297C6B00313907 /* Detail */ = {
			isa = PBXGroup;
			children = (
				095DC4E1273513B400547CE5 /* TeamDetailTableViewController.swift */,
				095DC4E32735148900547CE5 /* TeamDetailViewModel.swift */,
				095DC4E5273514AC00547CE5 /* TeamDetailSection.swift */,
				095DC4E7273514C900547CE5 /* TeamDetailTableViewCell.swift */,
				095DC4EF2735493300547CE5 /* Cell */,
			);
			path = Detail;
			sourceTree = "<group>";
		};
		094C00282729B09400313907 /* Trash */ = {
			isa = PBXGroup;
			children = (
				094C00202729AB7B00313907 /* TeamListCollectionViewController.swift */,
				094C00262729AD6400313907 /* TeamListCollectionViewCell.swift */,
				094C00222729AC1E00313907 /* DefaultCollectionViewCell.swift */,
				094C00242729AC3000313907 /* CustomCollectionViewCell.swift */,
				095DC52E27390F9600547CE5 /* FloatingViewScrollDownDemo.swift */,
				095D49F2273D04EC0067AF55 /* SampleTestTableViewController.swift */,
				09E1A32627463AF4001CE726 /* CaluculateDropDownViewHeight.swift */,
				09E1A3282746439C001CE726 /* Others.swift */,
			);
			path = Trash;
			sourceTree = "<group>";
		};
		094CFFFE27292C2200313907 /* APITests */ = {
			isa = PBXGroup;
			children = (
				094C00032729317700313907 /* FeedResultTests.swift */,
			);
			path = APITests;
			sourceTree = "<group>";
		};
		095D49F1273CE3CB0067AF55 /* ViewComponent */ = {
			isa = PBXGroup;
			children = (
				095DC5082737B9EE00547CE5 /* AchievementRateCircleView.swift */,
				095DC5002735BA3700547CE5 /* BottomView.swift */,
				095DC4F62735500E00547CE5 /* ScreenshotCollectionViewController.swift */,
				095D49E9273BFCD90067AF55 /* ScreenshotCollectionViewModel.swift */,
				095D49ED273BFE8A0067AF55 /* ScreenshotCell.swift */,
				095D49EB273BFD080067AF55 /* ScreenshotSection.swift */,
			);
			path = ViewComponent;
			sourceTree = "<group>";
		};
		095D49F8273D3C790067AF55 /* Services */ = {
			isa = PBXGroup;
			children = (
				095D49F9273D3C870067AF55 /* Wireframe.swift */,
				095D4A3A27411C5C0067AF55 /* ActivityIndicator.swift */,
			);
			path = Services;
			sourceTree = "<group>";
		};
		095DC46E272FDBAD00547CE5 /* ChallengeAPI */ = {
			isa = PBXGroup;
			children = (
				095DC470272FDD8100547CE5 /* SearchResponse.swift */,
				095DC4782730E89100547CE5 /* App.swift */,
				095DC4802730EE7100547CE5 /* ChallengeRequest.swift */,
				095DC47E2730EE4400547CE5 /* ChallengeAPIRequest.swift */,
				095DC4822730EF2B00547CE5 /* HTTPMethod.swift */,
				095DC4842730F29000547CE5 /* MnemonicCode.swift */,
				095DC47A2730E98B00547CE5 /* ChallengeClientError.swift */,
				095DC47C2730E9F000547CE5 /* ChallengeAPIError.swift */,
				095DC486273102A100547CE5 /* HTTPClient.swift */,
				095DC48A273108C100547CE5 /* ChallengeClient.swift */,
				095DC4D22732CECB00547CE5 /* ChallengeAPI.swift */,
				09E1A3242744F837001CE726 /* ChallengeSampleDataAPI.swift */,
			);
			path = ChallengeAPI;
			sourceTree = "<group>";
		};
		095DC46F272FDBE900547CE5 /* ChallengeAPITests */ = {
			isa = PBXGroup;
			children = (
				095DC474272FE12F00547CE5 /* SearchResponseTests.swift */,
				095DC48C27310C4A00547CE5 /* ChallengeClientTests.swift */,
			);
			path = ChallengeAPITests;
			sourceTree = "<group>";
		};
		095DC48E2731115900547CE5 /* ResourceAPI */ = {
			isa = PBXGroup;
			children = (
				09C55666272E7D310023D51C /* ResourceAPI.swift */,
			);
			path = ResourceAPI;
			sourceTree = "<group>";
		};
		095DC4C62732744700547CE5 /* MockAPI */ = {
			isa = PBXGroup;
			children = (
				095DC4C72732747B00547CE5 /* MockChallengeAPI.swift */,
				095DC4DF2734E8FF00547CE5 /* MockResourceFeedAPI.swift */,
			);
			path = MockAPI;
			sourceTree = "<group>";
		};
		095DC4D8273445E900547CE5 /* Feed */ = {
			isa = PBXGroup;
			children = (
				094CFFFF27292E0C00313907 /* FeedResult.swift */,
				094C0005272936FE00313907 /* APIClientError.swift */,
			);
			path = Feed;
			sourceTree = "<group>";
		};
		095DC4EF2735493300547CE5 /* Cell */ = {
			isa = PBXGroup;
			children = (
				095DC5042736522800547CE5 /* CustomDetailCell.swift */,
				095DC4ED2735459800547CE5 /* TeamDetailImageCell.swift */,
				095D49E3273BF21B0067AF55 /* TeamDetailImageCellViewModel.swift */,
				095DC4F02735496500547CE5 /* AchievementRateCell.swift */,
				095DC541273B81EA00547CE5 /* AchievementRateCellViewModel.swift */,
				095DC4F227354C6400547CE5 /* DetailDescriptionCell.swift */,
				095D49E5273BF6230067AF55 /* DetailDescriptionCellViewModel.swift */,
				095DC4F427354EA200547CE5 /* DetailScreenshotCell.swift */,
				095D49E7273BF9820067AF55 /* DetailScreenshotCellViewModel.swift */,
				095DC4FA2735A5A400547CE5 /* DetailInfoCell.swift */,
				095DC4E9273514E900547CE5 /* DetailInfoCellViewModel.swift */,
				095DC4FC2735B6D900547CE5 /* FavoriteRegisterCell.swift */,
				095D49F6273D2CB40067AF55 /* FavoriteRegisterCellViewModel.swift */,
				095DC4FE2735B89800547CE5 /* ReportButtonCell.swift */,
				095D49FB273D3D520067AF55 /* ReportButtonCellViewModel.swift */,
			);
			path = Cell;
			sourceTree = "<group>";
		};
		095DC5302739172E00547CE5 /* DropDownView+Cell */ = {
			isa = PBXGroup;
			children = (
				095DC5312739175E00547CE5 /* DropDownTableViewController.swift */,
				095DC53F27393C7400547CE5 /* DropDownFloatingView.swift */,
				095DC533273917ED00547CE5 /* DropDownTextFieldCell.swift */,
				095DC5352739187500547CE5 /* DropDownCategoryCell.swift */,
				095DC5372739193000547CE5 /* DropDownSearchSegmentedCell.swift */,
				095DC5392739196100547CE5 /* DropDownSortSegmentedCell.swift */,
				095DC53B273919AE00547CE5 /* DropDownSearchButtonCell.swift */,
			);
			path = "DropDownView+Cell";
			sourceTree = "<group>";
		};
		09C55597272AA7050023D51C /* Configs */ = {
			isa = PBXGroup;
			children = (
				09C55598272AA7130023D51C /* Configs.swift */,
			);
			path = Configs;
			sourceTree = "<group>";
		};
		09D37F6027269C27003B4E6A = {
			isa = PBXGroup;
			children = (
				09D37F6B27269C27003B4E6A /* Challenge2 */,
				09D37F8527269D92003B4E6A /* Challenge2Tests */,
				094C00282729B09400313907 /* Trash */,
				09D37F6A27269C27003B4E6A /* Products */,
				243C3B2750113DFDBCE9FC4E /* Pods */,
				28F32655E6AB4AEA3C117669 /* Frameworks */,
			);
			sourceTree = "<group>";
		};
		09D37F6A27269C27003B4E6A /* Products */ = {
			isa = PBXGroup;
			children = (
				09D37F6927269C27003B4E6A /* Challenge2.app */,
				09D37F8427269D92003B4E6A /* Challenge2Tests.xctest */,
			);
			name = Products;
			sourceTree = "<group>";
		};
		09D37F6B27269C27003B4E6A /* Challenge2 */ = {
			isa = PBXGroup;
			children = (
				09D37FB42727C670003B4E6A /* Application */,
				095D49F8273D3C790067AF55 /* Services */,
				09C55597272AA7050023D51C /* Configs */,
				09D37FCD2727E7DD003B4E6A /* Resources */,
				09D38000272921DF003B4E6A /* API */,
				09D37FC42727E09B003B4E6A /* Extensions */,
				09D37FBB2727CC35003B4E6A /* Managers */,
				09D37FB52727C681003B4E6A /* Common */,
				095D49F1273CE3CB0067AF55 /* ViewComponent */,
				09D37FB62727C688003B4E6A /* Modules */,
				09D37F7527269C2B003B4E6A /* Assets.xcassets */,
				09D37F7A27269C2B003B4E6A /* Info.plist */,
				095DC4C227322CAE00547CE5 /* search_itunes.json */,
				095DC4C42732310D00547CE5 /* search_itunes2.json */,
				095DC4DD2734E89E00547CE5 /* search_feedApp.json */,
				095DC4EB273522C000547CE5 /* search_app.json */,
			);
			path = Challenge2;
			sourceTree = "<group>";
		};
		09D37F8527269D92003B4E6A /* Challenge2Tests */ = {
			isa = PBXGroup;
			children = (
				095DC46F272FDBE900547CE5 /* ChallengeAPITests */,
				094CFFFE27292C2200313907 /* APITests */,
				094C000127292EE400313907 /* ExampleJSON.swift */,
				095DC4882731074B00547CE5 /* StubHTTPClient.swift */,
				09D37F8627269D92003B4E6A /* Challenge2Tests.swift */,
				09D37F8827269D92003B4E6A /* Info.plist */,
			);
			path = Challenge2Tests;
			sourceTree = "<group>";
		};
		09D37FB42727C670003B4E6A /* Application */ = {
			isa = PBXGroup;
			children = (
				09D37F6C27269C27003B4E6A /* AppDelegate.swift */,
				09D37F6E27269C27003B4E6A /* SceneDelegate.swift */,
			);
			path = Application;
			sourceTree = "<group>";
		};
		09D37FB52727C681003B4E6A /* Common */ = {
			isa = PBXGroup;
			children = (
				09D37FC22727DF85003B4E6A /* BaseListController.swift */,
				094C000B272958F400313907 /* LeftAlignedCollectionViewFlowLayout.swift */,
				095DC5022736397F00547CE5 /* TableViewCell.swift */,
				094C001A27298DCF00313907 /* DefaultTableViewCell.swift */,
				094C001E2729A3E300313907 /* CustomTableViewCell.swift */,
				095D49E1273BEFFC0067AF55 /* CustomTableViewCellViewModel.swift */,
				09D37F7027269C27003B4E6A /* ViewController.swift */,
				09C5566A272E7EBF0023D51C /* ViewModelType.swift */,
			);
			path = Common;
			sourceTree = "<group>";
		};
		09D37FB62727C688003B4E6A /* Modules */ = {
			isa = PBXGroup;
			children = (
				09D37FB72727C6C9003B4E6A /* Main */,
				09D37FB82727C6D1003B4E6A /* Search */,
				094C001527297BE200313907 /* Team */,
			);
			path = Modules;
			sourceTree = "<group>";
		};
		09D37FB72727C6C9003B4E6A /* Main */ = {
			isa = PBXGroup;
			children = (
				09D37FB92727C72D003B4E6A /* HomeTabBarController.swift */,
			);
			path = Main;
			sourceTree = "<group>";
		};
		09D37FB82727C6D1003B4E6A /* Search */ = {
			isa = PBXGroup;
			children = (
				094C00102729707100313907 /* Base */,
				094C000D2729702600313907 /* Category */,
				094C000F2729705000313907 /* OfficialApp */,
				094C000E2729704300313907 /* Tag */,
			);
			path = Search;
			sourceTree = "<group>";
		};
		09D37FBB2727CC35003B4E6A /* Managers */ = {
			isa = PBXGroup;
			children = (
				09D37FCB2727E40C003B4E6A /* UIView+Layout.swift */,
				09D37FBC2727CC59003B4E6A /* ThemeManager.swift */,
			);
			path = Managers;
			sourceTree = "<group>";
		};
		09D37FC42727E09B003B4E6A /* Extensions */ = {
			isa = PBXGroup;
			children = (
				09C5566C272E7FB10023D51C /* UIViewController+RxExtension.swift */,
				095DC4D627343DB800547CE5 /* Reactive+RxExtension.swift */,
				095D4A0C273F89040067AF55 /* UIAlertController+Extension.swift */,
				09D37FC52727E0B4003B4E6A /* UIColor+Extension.swift */,
				09D37FFA272841EF003B4E6A /* UIsearchBar+Extension.swift */,
				09C5559A272AA7FB0023D51C /* UIView+Extension.swift */,
				095DC4762730DFDF00547CE5 /* Float+Extension.swift */,
				095DC50A2737EB3D00547CE5 /* UILabel+Extension.swift */,
				095D49EF273C39A50067AF55 /* String+Extension.swift */,
			);
			path = Extensions;
			sourceTree = "<group>";
		};
		09D37FCD2727E7DD003B4E6A /* Resources */ = {
			isa = PBXGroup;
			children = (
				09D37FCE2727E7F6003B4E6A /* CategoryResouce.swift */,
				094C000727293BDF00313907 /* TagResource.swift */,
				095D49F4273D202E0067AF55 /* TeamDetailInfoResource.swift */,
			);
			path = Resources;
			sourceTree = "<group>";
		};
		09D38000272921DF003B4E6A /* API */ = {
			isa = PBXGroup;
			children = (
				095DC4C62732744700547CE5 /* MockAPI */,
				095DC46E272FDBAD00547CE5 /* ChallengeAPI */,
				095DC48E2731115900547CE5 /* ResourceAPI */,
				095DC4D8273445E900547CE5 /* Feed */,
			);
			path = API;
			sourceTree = "<group>";
		};
		243C3B2750113DFDBCE9FC4E /* Pods */ = {
			isa = PBXGroup;
			children = (
				0F21AEA2CCEC8E49D3AC9D4A /* Pods-Challenge2.debug.xcconfig */,
				3052620CBBA1B3561980B195 /* Pods-Challenge2.release.xcconfig */,
				87891C9D60C9C2B6199A2207 /* Pods-Challenge2Tests.debug.xcconfig */,
				8ED63AA0E6F18892742C2752 /* Pods-Challenge2Tests.release.xcconfig */,
			);
			path = Pods;
			sourceTree = "<group>";
		};
		28F32655E6AB4AEA3C117669 /* Frameworks */ = {
			isa = PBXGroup;
			children = (
				FC749EFDD15C18C2D7A8BA21 /* Pods_Challenge2.framework */,
				7B3EA5EAEB3D786D1A46BCCD /* Pods_Challenge2Tests.framework */,
			);
			name = Frameworks;
			sourceTree = "<group>";
		};
/* End PBXGroup section */

/* Begin PBXNativeTarget section */
		09D37F6827269C27003B4E6A /* Challenge2 */ = {
			isa = PBXNativeTarget;
			buildConfigurationList = 09D37F7D27269C2B003B4E6A /* Build configuration list for PBXNativeTarget "Challenge2" */;
			buildPhases = (
				771CB0C9EEA28CCE1B5CBFE6 /* [CP] Check Pods Manifest.lock */,
				09D37F6527269C27003B4E6A /* Sources */,
				09D37F6627269C27003B4E6A /* Frameworks */,
				09D37F6727269C27003B4E6A /* Resources */,
				75A70957D687CDBD54EF4971 /* [CP] Embed Pods Frameworks */,
			);
			buildRules = (
			);
			dependencies = (
			);
			name = Challenge2;
			productName = Challenge2;
			productReference = 09D37F6927269C27003B4E6A /* Challenge2.app */;
			productType = "com.apple.product-type.application";
		};
		09D37F8327269D92003B4E6A /* Challenge2Tests */ = {
			isa = PBXNativeTarget;
			buildConfigurationList = 09D37F8B27269D92003B4E6A /* Build configuration list for PBXNativeTarget "Challenge2Tests" */;
			buildPhases = (
				EE770556A37425778978B136 /* [CP] Check Pods Manifest.lock */,
				09D37F8027269D92003B4E6A /* Sources */,
				09D37F8127269D92003B4E6A /* Frameworks */,
				09D37F8227269D92003B4E6A /* Resources */,
				A7D34E4850E3FB9DBAC43D54 /* [CP] Embed Pods Frameworks */,
			);
			buildRules = (
			);
			dependencies = (
				09D37F8A27269D92003B4E6A /* PBXTargetDependency */,
			);
			name = Challenge2Tests;
			productName = Challenge2Tests;
			productReference = 09D37F8427269D92003B4E6A /* Challenge2Tests.xctest */;
			productType = "com.apple.product-type.bundle.unit-test";
		};
/* End PBXNativeTarget section */

/* Begin PBXProject section */
		09D37F6127269C27003B4E6A /* Project object */ = {
			isa = PBXProject;
			attributes = {
				LastSwiftUpdateCheck = 1250;
				LastUpgradeCheck = 1250;
				TargetAttributes = {
					09D37F6827269C27003B4E6A = {
						CreatedOnToolsVersion = 12.5;
					};
					09D37F8327269D92003B4E6A = {
						CreatedOnToolsVersion = 12.5;
						TestTargetID = 09D37F6827269C27003B4E6A;
					};
				};
			};
			buildConfigurationList = 09D37F6427269C27003B4E6A /* Build configuration list for PBXProject "Challenge2" */;
			compatibilityVersion = "Xcode 9.3";
			developmentRegion = en;
			hasScannedForEncodings = 0;
			knownRegions = (
				en,
				Base,
			);
			mainGroup = 09D37F6027269C27003B4E6A;
			productRefGroup = 09D37F6A27269C27003B4E6A /* Products */;
			projectDirPath = "";
			projectRoot = "";
			targets = (
				09D37F6827269C27003B4E6A /* Challenge2 */,
				09D37F8327269D92003B4E6A /* Challenge2Tests */,
			);
		};
/* End PBXProject section */

/* Begin PBXResourcesBuildPhase section */
		09D37F6727269C27003B4E6A /* Resources */ = {
			isa = PBXResourcesBuildPhase;
			buildActionMask = 2147483647;
			files = (
				095DC4D12732A2E300547CE5 /* search_itunes2.json in Resources */,
				095DC4DE2734E89E00547CE5 /* search_feedApp.json in Resources */,
				095DC4D02732A29200547CE5 /* search_itunes.json in Resources */,
				095DC4EC273522C000547CE5 /* search_app.json in Resources */,
				09D37F7627269C2B003B4E6A /* Assets.xcassets in Resources */,
			);
			runOnlyForDeploymentPostprocessing = 0;
		};
		09D37F8227269D92003B4E6A /* Resources */ = {
			isa = PBXResourcesBuildPhase;
			buildActionMask = 2147483647;
			files = (
				095DC4C52732310D00547CE5 /* search_itunes2.json in Resources */,
				095DC4C327322CAE00547CE5 /* search_itunes.json in Resources */,
			);
			runOnlyForDeploymentPostprocessing = 0;
		};
/* End PBXResourcesBuildPhase section */

/* Begin PBXShellScriptBuildPhase section */
		75A70957D687CDBD54EF4971 /* [CP] Embed Pods Frameworks */ = {
			isa = PBXShellScriptBuildPhase;
			buildActionMask = 2147483647;
			files = (
			);
			inputFileListPaths = (
				"${PODS_ROOT}/Target Support Files/Pods-Challenge2/Pods-Challenge2-frameworks-${CONFIGURATION}-input-files.xcfilelist",
			);
			name = "[CP] Embed Pods Frameworks";
			outputFileListPaths = (
				"${PODS_ROOT}/Target Support Files/Pods-Challenge2/Pods-Challenge2-frameworks-${CONFIGURATION}-output-files.xcfilelist",
			);
			runOnlyForDeploymentPostprocessing = 0;
			shellPath = /bin/sh;
			shellScript = "\"${PODS_ROOT}/Target Support Files/Pods-Challenge2/Pods-Challenge2-frameworks.sh\"\n";
			showEnvVarsInLog = 0;
		};
		771CB0C9EEA28CCE1B5CBFE6 /* [CP] Check Pods Manifest.lock */ = {
			isa = PBXShellScriptBuildPhase;
			buildActionMask = 2147483647;
			files = (
			);
			inputFileListPaths = (
			);
			inputPaths = (
				"${PODS_PODFILE_DIR_PATH}/Podfile.lock",
				"${PODS_ROOT}/Manifest.lock",
			);
			name = "[CP] Check Pods Manifest.lock";
			outputFileListPaths = (
			);
			outputPaths = (
				"$(DERIVED_FILE_DIR)/Pods-Challenge2-checkManifestLockResult.txt",
			);
			runOnlyForDeploymentPostprocessing = 0;
			shellPath = /bin/sh;
			shellScript = "diff \"${PODS_PODFILE_DIR_PATH}/Podfile.lock\" \"${PODS_ROOT}/Manifest.lock\" > /dev/null\nif [ $? != 0 ] ; then\n    # print error to STDERR\n    echo \"error: The sandbox is not in sync with the Podfile.lock. Run 'pod install' or update your CocoaPods installation.\" >&2\n    exit 1\nfi\n# This output is used by Xcode 'outputs' to avoid re-running this script phase.\necho \"SUCCESS\" > \"${SCRIPT_OUTPUT_FILE_0}\"\n";
			showEnvVarsInLog = 0;
		};
		A7D34E4850E3FB9DBAC43D54 /* [CP] Embed Pods Frameworks */ = {
			isa = PBXShellScriptBuildPhase;
			buildActionMask = 2147483647;
			files = (
			);
			inputFileListPaths = (
				"${PODS_ROOT}/Target Support Files/Pods-Challenge2Tests/Pods-Challenge2Tests-frameworks-${CONFIGURATION}-input-files.xcfilelist",
			);
			name = "[CP] Embed Pods Frameworks";
			outputFileListPaths = (
				"${PODS_ROOT}/Target Support Files/Pods-Challenge2Tests/Pods-Challenge2Tests-frameworks-${CONFIGURATION}-output-files.xcfilelist",
			);
			runOnlyForDeploymentPostprocessing = 0;
			shellPath = /bin/sh;
			shellScript = "\"${PODS_ROOT}/Target Support Files/Pods-Challenge2Tests/Pods-Challenge2Tests-frameworks.sh\"\n";
			showEnvVarsInLog = 0;
		};
		EE770556A37425778978B136 /* [CP] Check Pods Manifest.lock */ = {
			isa = PBXShellScriptBuildPhase;
			buildActionMask = 2147483647;
			files = (
			);
			inputFileListPaths = (
			);
			inputPaths = (
				"${PODS_PODFILE_DIR_PATH}/Podfile.lock",
				"${PODS_ROOT}/Manifest.lock",
			);
			name = "[CP] Check Pods Manifest.lock";
			outputFileListPaths = (
			);
			outputPaths = (
				"$(DERIVED_FILE_DIR)/Pods-Challenge2Tests-checkManifestLockResult.txt",
			);
			runOnlyForDeploymentPostprocessing = 0;
			shellPath = /bin/sh;
			shellScript = "diff \"${PODS_PODFILE_DIR_PATH}/Podfile.lock\" \"${PODS_ROOT}/Manifest.lock\" > /dev/null\nif [ $? != 0 ] ; then\n    # print error to STDERR\n    echo \"error: The sandbox is not in sync with the Podfile.lock. Run 'pod install' or update your CocoaPods installation.\" >&2\n    exit 1\nfi\n# This output is used by Xcode 'outputs' to avoid re-running this script phase.\necho \"SUCCESS\" > \"${SCRIPT_OUTPUT_FILE_0}\"\n";
			showEnvVarsInLog = 0;
		};
/* End PBXShellScriptBuildPhase section */

/* Begin PBXSourcesBuildPhase section */
		09D37F6527269C27003B4E6A /* Sources */ = {
			isa = PBXSourcesBuildPhase;
			buildActionMask = 2147483647;
			files = (
				095DC47F2730EE4400547CE5 /* ChallengeAPIRequest.swift in Sources */,
				09C55665272E7CFB0023D51C /* CategorySearchViewModel.swift in Sources */,
				095DC4D32732CECB00547CE5 /* ChallengeAPI.swift in Sources */,
				095D49F0273C39A50067AF55 /* String+Extension.swift in Sources */,
				095DC4EA273514E900547CE5 /* DetailInfoCellViewModel.swift in Sources */,
				095D49FA273D3C870067AF55 /* Wireframe.swift in Sources */,
				094C000027292E0C00313907 /* FeedResult.swift in Sources */,
				094C00252729AC3000313907 /* CustomCollectionViewCell.swift in Sources */,
				095DC4F12735496500547CE5 /* AchievementRateCell.swift in Sources */,
				095D49EC273BFD080067AF55 /* ScreenshotSection.swift in Sources */,
				095DC53C273919AE00547CE5 /* DropDownSearchButtonCell.swift in Sources */,
				09C55667272E7D310023D51C /* ResourceAPI.swift in Sources */,
				095D49E8273BF9820067AF55 /* DetailScreenshotCellViewModel.swift in Sources */,
				095DC4D727343DB800547CE5 /* Reactive+RxExtension.swift in Sources */,
				09D37FD52727FF57003B4E6A /* OfficialAppSearchCell.swift in Sources */,
				095D49E4273BF21B0067AF55 /* TeamDetailImageCellViewModel.swift in Sources */,
				095D4A3B27411C5C0067AF55 /* ActivityIndicator.swift in Sources */,
				095DC4E02734E8FF00547CE5 /* MockResourceFeedAPI.swift in Sources */,
				095D49EE273BFE8A0067AF55 /* ScreenshotCell.swift in Sources */,
				094C00142729720400313907 /* TagCollectionViewCell.swift in Sources */,
				094C000C272958F400313907 /* LeftAlignedCollectionViewFlowLayout.swift in Sources */,
				095DC4852730F29000547CE5 /* MnemonicCode.swift in Sources */,
				09D37FD12727EC57003B4E6A /* CategorySearchFooterReusableView.swift in Sources */,
				09D37FCF2727E7F6003B4E6A /* CategoryResouce.swift in Sources */,
				09E1A3252744F837001CE726 /* ChallengeSampleDataAPI.swift in Sources */,
				09D37FBF2727DBFB003B4E6A /* BaseSearchViewController.swift in Sources */,
				095DC4C82732747B00547CE5 /* MockChallengeAPI.swift in Sources */,
				095DC4E6273514AC00547CE5 /* TeamDetailSection.swift in Sources */,
				094C000A2729579700313907 /* TagSearchViewController.swift in Sources */,
				09C55669272E7D9B0023D51C /* CategorySearchSection.swift in Sources */,
				095D49F7273D2CB40067AF55 /* FavoriteRegisterCellViewModel.swift in Sources */,
				095DC52F27390F9700547CE5 /* FloatingViewScrollDownDemo.swift in Sources */,
				094C0012272971D000313907 /* TagSearchHeaderReusableView.swift in Sources */,
				095DC4FB2735A5A400547CE5 /* DetailInfoCell.swift in Sources */,
				095D49E6273BF6230067AF55 /* DetailDescriptionCellViewModel.swift in Sources */,
				095DC50B2737EB3D00547CE5 /* UILabel+Extension.swift in Sources */,
				09D37F7127269C27003B4E6A /* ViewController.swift in Sources */,
				094C001D2729A32C00313907 /* TeamListTableViewCell.swift in Sources */,
				095DC53A2739196100547CE5 /* DropDownSortSegmentedCell.swift in Sources */,
				09D37FFB272841EF003B4E6A /* UIsearchBar+Extension.swift in Sources */,
				09C5559B272AA7FB0023D51C /* UIView+Extension.swift in Sources */,
				095DC5322739175E00547CE5 /* DropDownTableViewController.swift in Sources */,
				095DC4E2273513B400547CE5 /* TeamDetailTableViewController.swift in Sources */,
				095DC47B2730E98B00547CE5 /* ChallengeClientError.swift in Sources */,
				095DC5382739193000547CE5 /* DropDownSearchSegmentedCell.swift in Sources */,
				09D37F6D27269C27003B4E6A /* AppDelegate.swift in Sources */,
				095DC4F327354C6400547CE5 /* DetailDescriptionCell.swift in Sources */,
				095DC4DA2734D12700547CE5 /* OfficialAppSearchSection.swift in Sources */,
				095DC4F527354EA200547CE5 /* DetailScreenshotCell.swift in Sources */,
				095DC4CA273274AF00547CE5 /* TeamListViewModel.swift in Sources */,
				095DC4FD2735B6D900547CE5 /* FavoriteRegisterCell.swift in Sources */,
				09D37FCA2727E3B6003B4E6A /* CategorySearchCell.swift in Sources */,
				095DC4CC2732756100547CE5 /* TeamListSection.swift in Sources */,
				09D37FBD2727CC59003B4E6A /* ThemeManager.swift in Sources */,
				095DC46B272FCA7200547CE5 /* TagSearchViewModel.swift in Sources */,
				095D4A0D273F89040067AF55 /* UIAlertController+Extension.swift in Sources */,
				095DC5362739187500547CE5 /* DropDownCategoryCell.swift in Sources */,
				094C001B27298DCF00313907 /* DefaultTableViewCell.swift in Sources */,
				09C55599272AA7130023D51C /* Configs.swift in Sources */,
				095DC487273102A100547CE5 /* HTTPClient.swift in Sources */,
				095D49EA273BFCD90067AF55 /* ScreenshotCollectionViewModel.swift in Sources */,
				09D37FC62727E0B4003B4E6A /* UIColor+Extension.swift in Sources */,
				09D37FCC2727E40D003B4E6A /* UIView+Layout.swift in Sources */,
				094C001F2729A3E300313907 /* CustomTableViewCell.swift in Sources */,
				095DC5032736397F00547CE5 /* TableViewCell.swift in Sources */,
				094C00212729AB7B00313907 /* TeamListCollectionViewController.swift in Sources */,
				095DC4EE2735459800547CE5 /* TeamDetailImageCell.swift in Sources */,
				09D37FD32727FE6D003B4E6A /* OfficialAppSearchViewController.swift in Sources */,
				095D49F3273D04EC0067AF55 /* SampleTestTableViewController.swift in Sources */,
				095D49FC273D3D520067AF55 /* ReportButtonCellViewModel.swift in Sources */,
				095DC5092737B9EE00547CE5 /* AchievementRateCircleView.swift in Sources */,
				095DC4FF2735B89800547CE5 /* ReportButtonCell.swift in Sources */,
				095D49F5273D202E0067AF55 /* TeamDetailInfoResource.swift in Sources */,
				095DC542273B81EA00547CE5 /* AchievementRateCellViewModel.swift in Sources */,
				095DC5012735BA3700547CE5 /* BottomView.swift in Sources */,
				095DC4792730E89100547CE5 /* App.swift in Sources */,
				094C001927297C9000313907 /* TeamListTableViewController.swift in Sources */,
				095DC48B273108C100547CE5 /* ChallengeClient.swift in Sources */,
				095DC4812730EE7100547CE5 /* ChallengeRequest.swift in Sources */,
				095DC4F72735500E00547CE5 /* ScreenshotCollectionViewController.swift in Sources */,
				095DC47D2730E9F000547CE5 /* ChallengeAPIError.swift in Sources */,
				094C00232729AC1E00313907 /* DefaultCollectionViewCell.swift in Sources */,
				09D37FBA2727C72D003B4E6A /* HomeTabBarController.swift in Sources */,
				095DC471272FDD8100547CE5 /* SearchResponse.swift in Sources */,
				095DC4E42735148900547CE5 /* TeamDetailViewModel.swift in Sources */,
				095DC54027393C7400547CE5 /* DropDownFloatingView.swift in Sources */,
				094C00272729AD6400313907 /* TeamListCollectionViewCell.swift in Sources */,
				095DC4DC2734D21C00547CE5 /* OfficialAppSearchViewModel.swift in Sources */,
				095DC46D272FCD9700547CE5 /* TagSearchSection.swift in Sources */,
				09D37F6F27269C27003B4E6A /* SceneDelegate.swift in Sources */,
				095D49E2273BEFFC0067AF55 /* CustomTableViewCellViewModel.swift in Sources */,
				095DC4E8273514C900547CE5 /* TeamDetailTableViewCell.swift in Sources */,
				09C5566D272E7FB10023D51C /* UIViewController+RxExtension.swift in Sources */,
				09E1A32727463AF4001CE726 /* CaluculateDropDownViewHeight.swift in Sources */,
				095DC4CE273275B500547CE5 /* TeamListCellViewModel.swift in Sources */,
				094C000827293BDF00313907 /* TagResource.swift in Sources */,
				09C5566B272E7EBF0023D51C /* ViewModelType.swift in Sources */,
				09D37FC32727DF85003B4E6A /* BaseListController.swift in Sources */,
				095DC5052736522800547CE5 /* CustomDetailCell.swift in Sources */,
				095DC534273917ED00547CE5 /* DropDownTextFieldCell.swift in Sources */,
				095DC4832730EF2B00547CE5 /* HTTPMethod.swift in Sources */,
				094C0006272936FE00313907 /* APIClientError.swift in Sources */,
				09E1A3292746439C001CE726 /* Others.swift in Sources */,
				095DC4772730DFDF00547CE5 /* Float+Extension.swift in Sources */,
				09D37FC12727DF3D003B4E6A /* CategorySearchViewController.swift in Sources */,
			);
			runOnlyForDeploymentPostprocessing = 0;
		};
		09D37F8027269D92003B4E6A /* Sources */ = {
			isa = PBXSourcesBuildPhase;
			buildActionMask = 2147483647;
			files = (
				095DC48D27310C4A00547CE5 /* ChallengeClientTests.swift in Sources */,
				094C000227292EE400313907 /* ExampleJSON.swift in Sources */,
				09D37F8727269D92003B4E6A /* Challenge2Tests.swift in Sources */,
				095DC475272FE12F00547CE5 /* SearchResponseTests.swift in Sources */,
				095DC4892731074B00547CE5 /* StubHTTPClient.swift in Sources */,
				094C00042729317700313907 /* FeedResultTests.swift in Sources */,
			);
			runOnlyForDeploymentPostprocessing = 0;
		};
/* End PBXSourcesBuildPhase section */

/* Begin PBXTargetDependency section */
		09D37F8A27269D92003B4E6A /* PBXTargetDependency */ = {
			isa = PBXTargetDependency;
			target = 09D37F6827269C27003B4E6A /* Challenge2 */;
			targetProxy = 09D37F8927269D92003B4E6A /* PBXContainerItemProxy */;
		};
/* End PBXTargetDependency section */

/* Begin XCBuildConfiguration section */
		09D37F7B27269C2B003B4E6A /* Debug */ = {
			isa = XCBuildConfiguration;
			buildSettings = {
				ALWAYS_SEARCH_USER_PATHS = NO;
				CLANG_ANALYZER_NONNULL = YES;
				CLANG_ANALYZER_NUMBER_OBJECT_CONVERSION = YES_AGGRESSIVE;
				CLANG_CXX_LANGUAGE_STANDARD = "gnu++14";
				CLANG_CXX_LIBRARY = "libc++";
				CLANG_ENABLE_MODULES = YES;
				CLANG_ENABLE_OBJC_ARC = YES;
				CLANG_ENABLE_OBJC_WEAK = YES;
				CLANG_WARN_BLOCK_CAPTURE_AUTORELEASING = YES;
				CLANG_WARN_BOOL_CONVERSION = YES;
				CLANG_WARN_COMMA = YES;
				CLANG_WARN_CONSTANT_CONVERSION = YES;
				CLANG_WARN_DEPRECATED_OBJC_IMPLEMENTATIONS = YES;
				CLANG_WARN_DIRECT_OBJC_ISA_USAGE = YES_ERROR;
				CLANG_WARN_DOCUMENTATION_COMMENTS = YES;
				CLANG_WARN_EMPTY_BODY = YES;
				CLANG_WARN_ENUM_CONVERSION = YES;
				CLANG_WARN_INFINITE_RECURSION = YES;
				CLANG_WARN_INT_CONVERSION = YES;
				CLANG_WARN_NON_LITERAL_NULL_CONVERSION = YES;
				CLANG_WARN_OBJC_IMPLICIT_RETAIN_SELF = YES;
				CLANG_WARN_OBJC_LITERAL_CONVERSION = YES;
				CLANG_WARN_OBJC_ROOT_CLASS = YES_ERROR;
				CLANG_WARN_QUOTED_INCLUDE_IN_FRAMEWORK_HEADER = YES;
				CLANG_WARN_RANGE_LOOP_ANALYSIS = YES;
				CLANG_WARN_STRICT_PROTOTYPES = YES;
				CLANG_WARN_SUSPICIOUS_MOVE = YES;
				CLANG_WARN_UNGUARDED_AVAILABILITY = YES_AGGRESSIVE;
				CLANG_WARN_UNREACHABLE_CODE = YES;
				CLANG_WARN__DUPLICATE_METHOD_MATCH = YES;
				COPY_PHASE_STRIP = NO;
				DEBUG_INFORMATION_FORMAT = dwarf;
				ENABLE_STRICT_OBJC_MSGSEND = YES;
				ENABLE_TESTABILITY = YES;
				GCC_C_LANGUAGE_STANDARD = gnu11;
				GCC_DYNAMIC_NO_PIC = NO;
				GCC_NO_COMMON_BLOCKS = YES;
				GCC_OPTIMIZATION_LEVEL = 0;
				GCC_PREPROCESSOR_DEFINITIONS = (
					"DEBUG=1",
					"$(inherited)",
				);
				GCC_WARN_64_TO_32_BIT_CONVERSION = YES;
				GCC_WARN_ABOUT_RETURN_TYPE = YES_ERROR;
				GCC_WARN_UNDECLARED_SELECTOR = YES;
				GCC_WARN_UNINITIALIZED_AUTOS = YES_AGGRESSIVE;
				GCC_WARN_UNUSED_FUNCTION = YES;
				GCC_WARN_UNUSED_VARIABLE = YES;
				IPHONEOS_DEPLOYMENT_TARGET = 13.0;
				MTL_ENABLE_DEBUG_INFO = INCLUDE_SOURCE;
				MTL_FAST_MATH = YES;
				ONLY_ACTIVE_ARCH = YES;
				SDKROOT = iphoneos;
				SWIFT_ACTIVE_COMPILATION_CONDITIONS = DEBUG;
				SWIFT_OPTIMIZATION_LEVEL = "-Onone";
			};
			name = Debug;
		};
		09D37F7C27269C2B003B4E6A /* Release */ = {
			isa = XCBuildConfiguration;
			buildSettings = {
				ALWAYS_SEARCH_USER_PATHS = NO;
				CLANG_ANALYZER_NONNULL = YES;
				CLANG_ANALYZER_NUMBER_OBJECT_CONVERSION = YES_AGGRESSIVE;
				CLANG_CXX_LANGUAGE_STANDARD = "gnu++14";
				CLANG_CXX_LIBRARY = "libc++";
				CLANG_ENABLE_MODULES = YES;
				CLANG_ENABLE_OBJC_ARC = YES;
				CLANG_ENABLE_OBJC_WEAK = YES;
				CLANG_WARN_BLOCK_CAPTURE_AUTORELEASING = YES;
				CLANG_WARN_BOOL_CONVERSION = YES;
				CLANG_WARN_COMMA = YES;
				CLANG_WARN_CONSTANT_CONVERSION = YES;
				CLANG_WARN_DEPRECATED_OBJC_IMPLEMENTATIONS = YES;
				CLANG_WARN_DIRECT_OBJC_ISA_USAGE = YES_ERROR;
				CLANG_WARN_DOCUMENTATION_COMMENTS = YES;
				CLANG_WARN_EMPTY_BODY = YES;
				CLANG_WARN_ENUM_CONVERSION = YES;
				CLANG_WARN_INFINITE_RECURSION = YES;
				CLANG_WARN_INT_CONVERSION = YES;
				CLANG_WARN_NON_LITERAL_NULL_CONVERSION = YES;
				CLANG_WARN_OBJC_IMPLICIT_RETAIN_SELF = YES;
				CLANG_WARN_OBJC_LITERAL_CONVERSION = YES;
				CLANG_WARN_OBJC_ROOT_CLASS = YES_ERROR;
				CLANG_WARN_QUOTED_INCLUDE_IN_FRAMEWORK_HEADER = YES;
				CLANG_WARN_RANGE_LOOP_ANALYSIS = YES;
				CLANG_WARN_STRICT_PROTOTYPES = YES;
				CLANG_WARN_SUSPICIOUS_MOVE = YES;
				CLANG_WARN_UNGUARDED_AVAILABILITY = YES_AGGRESSIVE;
				CLANG_WARN_UNREACHABLE_CODE = YES;
				CLANG_WARN__DUPLICATE_METHOD_MATCH = YES;
				COPY_PHASE_STRIP = NO;
				DEBUG_INFORMATION_FORMAT = "dwarf-with-dsym";
				ENABLE_NS_ASSERTIONS = NO;
				ENABLE_STRICT_OBJC_MSGSEND = YES;
				GCC_C_LANGUAGE_STANDARD = gnu11;
				GCC_NO_COMMON_BLOCKS = YES;
				GCC_WARN_64_TO_32_BIT_CONVERSION = YES;
				GCC_WARN_ABOUT_RETURN_TYPE = YES_ERROR;
				GCC_WARN_UNDECLARED_SELECTOR = YES;
				GCC_WARN_UNINITIALIZED_AUTOS = YES_AGGRESSIVE;
				GCC_WARN_UNUSED_FUNCTION = YES;
				GCC_WARN_UNUSED_VARIABLE = YES;
				IPHONEOS_DEPLOYMENT_TARGET = 13.0;
				MTL_ENABLE_DEBUG_INFO = NO;
				MTL_FAST_MATH = YES;
				SDKROOT = iphoneos;
				SWIFT_COMPILATION_MODE = wholemodule;
				SWIFT_OPTIMIZATION_LEVEL = "-O";
				VALIDATE_PRODUCT = YES;
			};
			name = Release;
		};
		09D37F7E27269C2B003B4E6A /* Debug */ = {
			isa = XCBuildConfiguration;
			baseConfigurationReference = 0F21AEA2CCEC8E49D3AC9D4A /* Pods-Challenge2.debug.xcconfig */;
			buildSettings = {
				ASSETCATALOG_COMPILER_APPICON_NAME = AppIcon;
				ASSETCATALOG_COMPILER_GLOBAL_ACCENT_COLOR_NAME = AccentColor;
				CODE_SIGN_STYLE = Automatic;
				DEVELOPMENT_TEAM = 4X54PF5Z7S;
				INFOPLIST_FILE = Challenge2/Info.plist;
				LD_RUNPATH_SEARCH_PATHS = (
					"$(inherited)",
					"@executable_path/Frameworks",
				);
				PRODUCT_BUNDLE_IDENTIFIER = com.daisuke.Challenge2;
				PRODUCT_NAME = "$(TARGET_NAME)";
				SWIFT_VERSION = 5.0;
				TARGETED_DEVICE_FAMILY = "1,2";
			};
			name = Debug;
		};
		09D37F7F27269C2B003B4E6A /* Release */ = {
			isa = XCBuildConfiguration;
			baseConfigurationReference = 3052620CBBA1B3561980B195 /* Pods-Challenge2.release.xcconfig */;
			buildSettings = {
				ASSETCATALOG_COMPILER_APPICON_NAME = AppIcon;
				ASSETCATALOG_COMPILER_GLOBAL_ACCENT_COLOR_NAME = AccentColor;
				CODE_SIGN_STYLE = Automatic;
				DEVELOPMENT_TEAM = 4X54PF5Z7S;
				INFOPLIST_FILE = Challenge2/Info.plist;
				LD_RUNPATH_SEARCH_PATHS = (
					"$(inherited)",
					"@executable_path/Frameworks",
				);
				PRODUCT_BUNDLE_IDENTIFIER = com.daisuke.Challenge2;
				PRODUCT_NAME = "$(TARGET_NAME)";
				SWIFT_VERSION = 5.0;
				TARGETED_DEVICE_FAMILY = "1,2";
			};
			name = Release;
		};
		09D37F8C27269D92003B4E6A /* Debug */ = {
			isa = XCBuildConfiguration;
			baseConfigurationReference = 87891C9D60C9C2B6199A2207 /* Pods-Challenge2Tests.debug.xcconfig */;
			buildSettings = {
				BUNDLE_LOADER = "$(TEST_HOST)";
				CODE_SIGN_STYLE = Automatic;
				DEVELOPMENT_TEAM = 4X54PF5Z7S;
				INFOPLIST_FILE = Challenge2Tests/Info.plist;
				LD_RUNPATH_SEARCH_PATHS = (
					"$(inherited)",
					"@executable_path/Frameworks",
					"@loader_path/Frameworks",
				);
				PRODUCT_BUNDLE_IDENTIFIER = com.daisuke.Challenge2Tests;
				PRODUCT_NAME = "$(TARGET_NAME)";
				SWIFT_VERSION = 5.0;
				TARGETED_DEVICE_FAMILY = "1,2";
				TEST_HOST = "$(BUILT_PRODUCTS_DIR)/Challenge2.app/Challenge2";
			};
			name = Debug;
		};
		09D37F8D27269D92003B4E6A /* Release */ = {
			isa = XCBuildConfiguration;
			baseConfigurationReference = 8ED63AA0E6F18892742C2752 /* Pods-Challenge2Tests.release.xcconfig */;
			buildSettings = {
				BUNDLE_LOADER = "$(TEST_HOST)";
				CODE_SIGN_STYLE = Automatic;
				DEVELOPMENT_TEAM = 4X54PF5Z7S;
				INFOPLIST_FILE = Challenge2Tests/Info.plist;
				LD_RUNPATH_SEARCH_PATHS = (
					"$(inherited)",
					"@executable_path/Frameworks",
					"@loader_path/Frameworks",
				);
				PRODUCT_BUNDLE_IDENTIFIER = com.daisuke.Challenge2Tests;
				PRODUCT_NAME = "$(TARGET_NAME)";
				SWIFT_VERSION = 5.0;
				TARGETED_DEVICE_FAMILY = "1,2";
				TEST_HOST = "$(BUILT_PRODUCTS_DIR)/Challenge2.app/Challenge2";
			};
			name = Release;
		};
/* End XCBuildConfiguration section */

/* Begin XCConfigurationList section */
		09D37F6427269C27003B4E6A /* Build configuration list for PBXProject "Challenge2" */ = {
			isa = XCConfigurationList;
			buildConfigurations = (
				09D37F7B27269C2B003B4E6A /* Debug */,
				09D37F7C27269C2B003B4E6A /* Release */,
			);
			defaultConfigurationIsVisible = 0;
			defaultConfigurationName = Release;
		};
		09D37F7D27269C2B003B4E6A /* Build configuration list for PBXNativeTarget "Challenge2" */ = {
			isa = XCConfigurationList;
			buildConfigurations = (
				09D37F7E27269C2B003B4E6A /* Debug */,
				09D37F7F27269C2B003B4E6A /* Release */,
			);
			defaultConfigurationIsVisible = 0;
			defaultConfigurationName = Release;
		};
		09D37F8B27269D92003B4E6A /* Build configuration list for PBXNativeTarget "Challenge2Tests" */ = {
			isa = XCConfigurationList;
			buildConfigurations = (
				09D37F8C27269D92003B4E6A /* Debug */,
				09D37F8D27269D92003B4E6A /* Release */,
			);
			defaultConfigurationIsVisible = 0;
			defaultConfigurationName = Release;
		};
/* End XCConfigurationList section */
	};
	rootObject = 09D37F6127269C27003B4E6A /* Project object */;
}
